// !$*UTF8*$!
{
	archiveVersion = 1;
	classes = {
	};
	objectVersion = 46;
	objects = {

/* Begin PBXBuildFile section */
		515340E91B3C31C60035DEBA /* FSTBleNamingViewController.m in Sources */ = {isa = PBXBuildFile; fileRef = 515340E81B3C31C60035DEBA /* FSTBleNamingViewController.m */; };
		517EC1091B3B32AB0025ECA1 /* FSTBleFoundViewController.m in Sources */ = {isa = PBXBuildFile; fileRef = 517EC1081B3B32AB0025ECA1 /* FSTBleFoundViewController.m */; };
		517EC10D1B3B4E8C0025ECA1 /* FSTBleErrorViewController.m in Sources */ = {isa = PBXBuildFile; fileRef = 517EC10B1B3B4E8C0025ECA1 /* FSTBleErrorViewController.m */; };
		5B0583691B1562C3003782E2 /* UIDashedLineView.m in Sources */ = {isa = PBXBuildFile; fileRef = 5B0583681B1562C3003782E2 /* UIDashedLineView.m */; };
		5B05836C1B15F4DE003782E2 /* CALayer+XibConfiguration.m in Sources */ = {isa = PBXBuildFile; fileRef = 5B05836B1B15F4DE003782E2 /* CALayer+XibConfiguration.m */; };
		5B174DD51A5DB94700A00505 /* SCSiriWaveformView.m in Sources */ = {isa = PBXBuildFile; fileRef = 5B174DD41A5DB94700A00505 /* SCSiriWaveformView.m */; };
		5B174DD81A5DE1DE00A00505 /* MilkGallonStand.m in Sources */ = {isa = PBXBuildFile; fileRef = 5B174DD71A5DE1DE00A00505 /* MilkGallonStand.m */; };
		5B174DDB1A5F40C500A00505 /* ProductAddWrapperViewController.m in Sources */ = {isa = PBXBuildFile; fileRef = 5B174DDA1A5F40C500A00505 /* ProductAddWrapperViewController.m */; };
		5B174DE01A60717000A00505 /* FirstBuildAssets.xcassets in Resources */ = {isa = PBXBuildFile; fileRef = 5B174DDF1A60717000A00505 /* FirstBuildAssets.xcassets */; };
		5B174DE61A64266100A00505 /* fontawesome-webfont.ttf in Resources */ = {isa = PBXBuildFile; fileRef = 5B8C10871A39324C00F481E6 /* fontawesome-webfont.ttf */; };
		5B3E180B1A41CC76004F1FA0 /* ProductMainViewController.m in Sources */ = {isa = PBXBuildFile; fileRef = 5B3E180A1A41CC76004F1FA0 /* ProductMainViewController.m */; };
		5B4460261B1E00C9001A4953 /* FSTBeefView.m in Sources */ = {isa = PBXBuildFile; fileRef = 5B4460251B1E00C9001A4953 /* FSTBeefView.m */; };
		5B4460291B1E25D5001A4953 /* FSTParagonCookingSession.m in Sources */ = {isa = PBXBuildFile; fileRef = 5B4460281B1E25D5001A4953 /* FSTParagonCookingSession.m */; };
		5B44602C1B1E2601001A4953 /* FSTParagonCookingStage.m in Sources */ = {isa = PBXBuildFile; fileRef = 5B44602B1B1E2601001A4953 /* FSTParagonCookingStage.m */; };
		5B4486CD1A656E0300B12E56 /* WifiCommissioningNetworkTableViewCell.m in Sources */ = {isa = PBXBuildFile; fileRef = 5B4486CC1A656E0300B12E56 /* WifiCommissioningNetworkTableViewCell.m */; };
		5B7338BA1B0F9856004C931E /* FSTCircleProgressLayer.m in Sources */ = {isa = PBXBuildFile; fileRef = 5B7338B91B0F9856004C931E /* FSTCircleProgressLayer.m */; };
		5B7338BD1B0F9A7E004C931E /* FSTCircleProgressView.m in Sources */ = {isa = PBXBuildFile; fileRef = 5B7338BC1B0F9A7E004C931E /* FSTCircleProgressView.m */; };
		5B7338C01B0F9CEA004C931E /* Session.m in Sources */ = {isa = PBXBuildFile; fileRef = 5B7338BF1B0F9CEA004C931E /* Session.m */; };
		5B7FB5541A4373C900553797 /* WifiCommissioningConnectingViewController.m in Sources */ = {isa = PBXBuildFile; fileRef = 5B7FB5531A4373C900553797 /* WifiCommissioningConnectingViewController.m */; };
		5B7FB5581A43C6DF00553797 /* ChillHubDevicesTableViewController.m in Sources */ = {isa = PBXBuildFile; fileRef = 5B7FB5571A43C6DF00553797 /* ChillHubDevicesTableViewController.m */; };
		5B8858191A72F63B00F22325 /* UILabel+MultiLineAutoSize.m in Sources */ = {isa = PBXBuildFile; fileRef = 5B8858181A72F63B00F22325 /* UILabel+MultiLineAutoSize.m */; };
		5B88581B1A7308DF00F22325 /* Animations.xcassets in Resources */ = {isa = PBXBuildFile; fileRef = 5B88581A1A7308DF00F22325 /* Animations.xcassets */; };
		5B88581C1A7310DB00F22325 /* PT_Sans-Narrow-Web-Regular.ttf in Resources */ = {isa = PBXBuildFile; fileRef = 67926FF119ED8BA000E346C2 /* PT_Sans-Narrow-Web-Regular.ttf */; };
		5B8C108A1A39EC2A00F481E6 /* ProductAddViewController.m in Sources */ = {isa = PBXBuildFile; fileRef = 5B8C10891A39EC2A00F481E6 /* ProductAddViewController.m */; };
		5B9925E61AE824BC00B337CB /* LedgeViewController.m in Sources */ = {isa = PBXBuildFile; fileRef = 5B9925E51AE824BC00B337CB /* LedgeViewController.m */; };
		5B9925E91AE8251800B337CB /* FSTLedge.m in Sources */ = {isa = PBXBuildFile; fileRef = 5B9925E81AE8251800B337CB /* FSTLedge.m */; };
		5B99DFC51AB1EB2D00247034 /* FSTParagon.m in Sources */ = {isa = PBXBuildFile; fileRef = 5B99DFC41AB1EB2D00247034 /* FSTParagon.m */; };
		5B99DFC71AB1F2E400247034 /* ParagonEngineering.storyboard in Resources */ = {isa = PBXBuildFile; fileRef = 5B99DFC61AB1F2E400247034 /* ParagonEngineering.storyboard */; };
		5B99E0111AB32DA100247034 /* ParagonEngineeringViewController.m in Sources */ = {isa = PBXBuildFile; fileRef = 5B99E0101AB32DA100247034 /* ParagonEngineeringViewController.m */; };
		5B99E07E1A1A593F005FB881 /* WifiCommissioningStoryboard.storyboard in Resources */ = {isa = PBXBuildFile; fileRef = 5B99E07D1A1A593F005FB881 /* WifiCommissioningStoryboard.storyboard */; };
		5B99E0811A1A5D10005FB881 /* WifiCommissioningViewController.m in Sources */ = {isa = PBXBuildFile; fileRef = 5B99E0801A1A5D10005FB881 /* WifiCommissioningViewController.m */; };
		5B99E0841A1AA63F005FB881 /* WifiCommissioningNetworkListViewController.m in Sources */ = {isa = PBXBuildFile; fileRef = 5B99E0831A1AA63F005FB881 /* WifiCommissioningNetworkListViewController.m */; };
		5B99E0871A1AA744005FB881 /* FSTNetwork.m in Sources */ = {isa = PBXBuildFile; fileRef = 5B99E0861A1AA744005FB881 /* FSTNetwork.m */; };
		5B99E08A1A1E9CFF005FB881 /* WifiCommissioningErrorViewController.m in Sources */ = {isa = PBXBuildFile; fileRef = 5B99E0891A1E9CFF005FB881 /* WifiCommissioningErrorViewController.m */; };
		5B9EF0F419DEEE1000E8D9F1 /* main.m in Sources */ = {isa = PBXBuildFile; fileRef = 5B9EF0F319DEEE1000E8D9F1 /* main.m */; };
		5B9EF0F719DEEE1000E8D9F1 /* AppDelegate.m in Sources */ = {isa = PBXBuildFile; fileRef = 5B9EF0F619DEEE1000E8D9F1 /* AppDelegate.m */; };
		5B9EF0FF19DEEE1000E8D9F1 /* Images.xcassets in Resources */ = {isa = PBXBuildFile; fileRef = 5B9EF0FE19DEEE1000E8D9F1 /* Images.xcassets */; };
		5B9EF10219DEEE1000E8D9F1 /* LaunchScreen.xib in Resources */ = {isa = PBXBuildFile; fileRef = 5B9EF10019DEEE1000E8D9F1 /* LaunchScreen.xib */; };
		5BA3A96E1B345DAF00E51C51 /* FSTBleCentralManager.m in Sources */ = {isa = PBXBuildFile; fileRef = 5BA3A96D1B345DAF00E51C51 /* FSTBleCentralManager.m */; };
		5BA3A9741B34722000E51C51 /* BLECommissioning.Storyboard in Resources */ = {isa = PBXBuildFile; fileRef = 5BA3A9731B34722000E51C51 /* BLECommissioning.Storyboard */; };
		5BA3A9771B3475EF00E51C51 /* FSTBleCommissioningViewController.m in Sources */ = {isa = PBXBuildFile; fileRef = 5BA3A9761B3475EF00E51C51 /* FSTBleCommissioningViewController.m */; };
		5BA3A97A1B34760700E51C51 /* FSTBleCommissioningTableViewController.m in Sources */ = {isa = PBXBuildFile; fileRef = 5BA3A9791B34760700E51C51 /* FSTBleCommissioningTableViewController.m */; };
		5BA3A97D1B38B46500E51C51 /* FSTBleConnectingViewController.m in Sources */ = {isa = PBXBuildFile; fileRef = 5BA3A97C1B38B46500E51C51 /* FSTBleConnectingViewController.m */; };
		5BA3A9801B38B47300E51C51 /* FSTBleConnectedViewController.m in Sources */ = {isa = PBXBuildFile; fileRef = 5BA3A97F1B38B47300E51C51 /* FSTBleConnectedViewController.m */; };
		5BA94D5B1A5C9EDE00F9AD79 /* MilkGallonClippingView.m in Sources */ = {isa = PBXBuildFile; fileRef = 5BA94D5A1A5C9EDE00F9AD79 /* MilkGallonClippingView.m */; };
		5BB1E7E11AF7F4BA00730031 /* BeerBankViewController.m in Sources */ = {isa = PBXBuildFile; fileRef = 5BB1E7E01AF7F4BA00730031 /* BeerBankViewController.m */; };
		5BB1E7E41AF7F4E800730031 /* FSTBeerBank.m in Sources */ = {isa = PBXBuildFile; fileRef = 5BB1E7E31AF7F4E800730031 /* FSTBeerBank.m */; };
		5BBB0B9A19F1DE8C001D5DF1 /* ScaleViewController.m in Sources */ = {isa = PBXBuildFile; fileRef = 5BBB0B9919F1DE8C001D5DF1 /* ScaleViewController.m */; };
		5BBC7A7A1A66F7F100A79080 /* WifiCommissioningFoundViewController.m in Sources */ = {isa = PBXBuildFile; fileRef = 5BBC7A791A66F7F100A79080 /* WifiCommissioningFoundViewController.m */; };
		5BBFACFF19E495FC00E42575 /* ProductCollectionViewController.m in Sources */ = {isa = PBXBuildFile; fileRef = 5BBFACFE19E495FC00E42575 /* ProductCollectionViewController.m */; };
		5BBFAD0219E4965500E42575 /* ProductCollectionViewCell.m in Sources */ = {isa = PBXBuildFile; fileRef = 5BBFAD0119E4965500E42575 /* ProductCollectionViewCell.m */; };
		5BC3647E1A2F637800D03B9C /* FSTDevice.m in Sources */ = {isa = PBXBuildFile; fileRef = 5BC3647D1A2F637800D03B9C /* FSTDevice.m */; };
		5BC364811A2F63C200D03B9C /* FSTDeviceAuth.m in Sources */ = {isa = PBXBuildFile; fileRef = 5BC364801A2F63C200D03B9C /* FSTDeviceAuth.m */; };
		5BC3648A1A2FAC1A00D03B9C /* FSTMilkyWeigh.m in Sources */ = {isa = PBXBuildFile; fileRef = 5BC364891A2FAC1A00D03B9C /* FSTMilkyWeigh.m */; };
		5BC3648D1A3112EE00D03B9C /* FSTBackgroundLayer.m in Sources */ = {isa = PBXBuildFile; fileRef = 5BC3648C1A3112EE00D03B9C /* FSTBackgroundLayer.m */; };
		5BC364971A3260E200D03B9C /* FSTChillHub.m in Sources */ = {isa = PBXBuildFile; fileRef = 5BC364961A3260E200D03B9C /* FSTChillHub.m */; };
		5BC3649A1A32624F00D03B9C /* FSTChillHubDevice.m in Sources */ = {isa = PBXBuildFile; fileRef = 5BC364991A32624F00D03B9C /* FSTChillHubDevice.m */; };
		5BC3649D1A32661B00D03B9C /* FSTProduct.m in Sources */ = {isa = PBXBuildFile; fileRef = 5BC3649C1A32661B00D03B9C /* FSTProduct.m */; };
		5BC5A1C219EF5E79009C93B1 /* FBTAuthenticationViewController.m in Sources */ = {isa = PBXBuildFile; fileRef = 5BC5A1BE19EF5E79009C93B1 /* FBTAuthenticationViewController.m */; };
		5BC5A1C619EF6314009C93B1 /* Authentication.storyboard in Resources */ = {isa = PBXBuildFile; fileRef = 5BC5A1C519EF6314009C93B1 /* Authentication.storyboard */; };
		5BC5A1CD19EF6584009C93B1 /* FBTUser.m in Sources */ = {isa = PBXBuildFile; fileRef = 5BC5A1CC19EF6584009C93B1 /* FBTUser.m */; };
		5BC5A1D019EF6638009C93B1 /* Constants.m in Sources */ = {isa = PBXBuildFile; fileRef = 5BC5A1CF19EF6638009C93B1 /* Constants.m */; };
		5BC7C7B41A83CD06003DA2F3 /* ChillHubDeviceTableViewCell.m in Sources */ = {isa = PBXBuildFile; fileRef = 5BC7C7B31A83CD06003DA2F3 /* ChillHubDeviceTableViewCell.m */; };
		5BCBB9D41B02991B00B8E043 /* FSTParagon.storyboard in Resources */ = {isa = PBXBuildFile; fileRef = 5BCBB9D31B02991B00B8E043 /* FSTParagon.storyboard */; };
		5BCBB9D71B02A1A100B8E043 /* FSTCookingMethodViewController.m in Sources */ = {isa = PBXBuildFile; fileRef = 5BCBB9D61B02A1A100B8E043 /* FSTCookingMethodViewController.m */; };
		5BCBB9DA1B02A1EA00B8E043 /* FSTCookingMethodSubSelectionViewController.m in Sources */ = {isa = PBXBuildFile; fileRef = 5BCBB9D91B02A1EA00B8E043 /* FSTCookingMethodSubSelectionViewController.m */; };
		5BCBB9DD1B02A22B00B8E043 /* FSTBeefSettingsViewController.m in Sources */ = {isa = PBXBuildFile; fileRef = 5BCBB9DC1B02A22B00B8E043 /* FSTBeefSettingsViewController.m */; };
		5BCBB9E01B02A24100B8E043 /* FSTReadyToPreheatViewController.m in Sources */ = {isa = PBXBuildFile; fileRef = 5BCBB9DF1B02A24100B8E043 /* FSTReadyToPreheatViewController.m */; };
		5BCBB9E31B02A25200B8E043 /* FSTPreheatingViewController.m in Sources */ = {isa = PBXBuildFile; fileRef = 5BCBB9E21B02A25200B8E043 /* FSTPreheatingViewController.m */; };
		5BCBB9E61B02A4DD00B8E043 /* FSTReadyToCookViewController.m in Sources */ = {isa = PBXBuildFile; fileRef = 5BCBB9E51B02A4DD00B8E043 /* FSTReadyToCookViewController.m */; };
		5BCBB9E91B02A51700B8E043 /* FSTCookingViewController.m in Sources */ = {isa = PBXBuildFile; fileRef = 5BCBB9E81B02A51700B8E043 /* FSTCookingViewController.m */; };
		5BCBB9EC1B02A5E600B8E043 /* FSTCustomCookSettingsViewController.m in Sources */ = {isa = PBXBuildFile; fileRef = 5BCBB9EB1B02A5E600B8E043 /* FSTCustomCookSettingsViewController.m */; };
		5BCBB9EF1B02A64E00B8E043 /* FSTCancelPreheatViewController.m in Sources */ = {isa = PBXBuildFile; fileRef = 5BCBB9EE1B02A64E00B8E043 /* FSTCancelPreheatViewController.m */; };
		5BCBB9F21B02A67500B8E043 /* FSTCookingStopViewController.m in Sources */ = {isa = PBXBuildFile; fileRef = 5BCBB9F11B02A67500B8E043 /* FSTCookingStopViewController.m */; };
		5BCBB9F51B0386CE00B8E043 /* FSTCookingMethodTableViewController.m in Sources */ = {isa = PBXBuildFile; fileRef = 5BCBB9F41B0386CE00B8E043 /* FSTCookingMethodTableViewController.m */; };
		5BCBB9F81B03905F00B8E043 /* FSTCookingMethod.m in Sources */ = {isa = PBXBuildFile; fileRef = 5BCBB9F71B03905F00B8E043 /* FSTCookingMethod.m */; };
		5BCBB9FB1B03909000B8E043 /* FSTSousVideCookingMethod.m in Sources */ = {isa = PBXBuildFile; fileRef = 5BCBB9FA1B03909000B8E043 /* FSTSousVideCookingMethod.m */; };
		5BCBB9FE1B0390C500B8E043 /* FSTBeefSousVideCookingMethod.m in Sources */ = {isa = PBXBuildFile; fileRef = 5BCBB9FD1B0390C500B8E043 /* FSTBeefSousVideCookingMethod.m */; };
		5BCBBA011B03CA5200B8E043 /* FSTCookingMethods.m in Sources */ = {isa = PBXBuildFile; fileRef = 5BCBBA001B03CA5200B8E043 /* FSTCookingMethods.m */; };
		5BCBBA041B03E92300B8E043 /* FSTSousVideCookingMethods.m in Sources */ = {isa = PBXBuildFile; fileRef = 5BCBBA031B03E92300B8E043 /* FSTSousVideCookingMethods.m */; };
		5BCDFBF21A64CFA6006E6055 /* WifiCommissioningPasswordViewController.m in Sources */ = {isa = PBXBuildFile; fileRef = 5BCDFBF11A64CFA6006E6055 /* WifiCommissioningPasswordViewController.m */; };
		5BCDFBF51A65584A006E6055 /* WifiCommissioningNetworksTableViewController.m in Sources */ = {isa = PBXBuildFile; fileRef = 5BCDFBF41A65584A006E6055 /* WifiCommissioningNetworksTableViewController.m */; };
		5BD467CD1A35ED54009BAC36 /* FirebaseShared.m in Sources */ = {isa = PBXBuildFile; fileRef = 5BD467CC1A35ED54009BAC36 /* FirebaseShared.m */; };
		5BE2A72A1B17BD3F00EFA91A /* FSTGradientLensView.m in Sources */ = {isa = PBXBuildFile; fileRef = 5BE2A7291B17BD3F00EFA91A /* FSTGradientLensView.m */; };
		5BE2A72D1B18AB2300EFA91A /* FSTArrowEndedLine.m in Sources */ = {isa = PBXBuildFile; fileRef = 5BE2A72C1B18AB2300EFA91A /* FSTArrowEndedLine.m */; };
		5BE2A7301B18E19C00EFA91A /* FSTLineGridView.m in Sources */ = {isa = PBXBuildFile; fileRef = 5BE2A72F1B18E19C00EFA91A /* FSTLineGridView.m */; };
		5BF9482B19EC15A000CB8BCF /* ChillHubViewController.m in Sources */ = {isa = PBXBuildFile; fileRef = 5BF9482A19EC15A000CB8BCF /* ChillHubViewController.m */; };
		5BF9482D19EC15BB00CB8BCF /* ChillHub.storyboard in Resources */ = {isa = PBXBuildFile; fileRef = 5BF9482C19EC15BB00CB8BCF /* ChillHub.storyboard */; };
		5BF9482F19EC15E300CB8BCF /* MenuViewController.m in Sources */ = {isa = PBXBuildFile; fileRef = 5BF9482E19EC15E300CB8BCF /* MenuViewController.m */; };
		5BF9483119EC15F900CB8BCF /* Main.storyboard in Resources */ = {isa = PBXBuildFile; fileRef = 5BF9483019EC15F900CB8BCF /* Main.storyboard */; };
		6743AE1F19E30E46000D9CF3 /* MobiNavigationController.m in Sources */ = {isa = PBXBuildFile; fileRef = 6743AE1E19E30E46000D9CF3 /* MobiNavigationController.m */; };
		67926FF919EDCB6F00E346C2 /* PT_Sans-Narrow-Web-Bold.ttf in Resources */ = {isa = PBXBuildFile; fileRef = 67926FF819EDCB6F00E346C2 /* PT_Sans-Narrow-Web-Bold.ttf */; };
		F260351313DF1394D6FCA9DD /* libPods.a in Frameworks */ = {isa = PBXBuildFile; fileRef = 18B446C5B84ADBDC6A8F7CC7 /* libPods.a */; };
/* End PBXBuildFile section */

/* Begin PBXFileReference section */
		18B446C5B84ADBDC6A8F7CC7 /* libPods.a */ = {isa = PBXFileReference; explicitFileType = archive.ar; includeInIndex = 0; path = libPods.a; sourceTree = BUILT_PRODUCTS_DIR; };
		515340E71B3C31C60035DEBA /* FSTBleNamingViewController.h */ = {isa = PBXFileReference; fileEncoding = 4; lastKnownFileType = sourcecode.c.h; path = FSTBleNamingViewController.h; sourceTree = "<group>"; };
		515340E81B3C31C60035DEBA /* FSTBleNamingViewController.m */ = {isa = PBXFileReference; fileEncoding = 4; lastKnownFileType = sourcecode.c.objc; path = FSTBleNamingViewController.m; sourceTree = "<group>"; };
		517EC1071B3B32AB0025ECA1 /* FSTBleFoundViewController.h */ = {isa = PBXFileReference; fileEncoding = 4; lastKnownFileType = sourcecode.c.h; path = FSTBleFoundViewController.h; sourceTree = "<group>"; };
		517EC1081B3B32AB0025ECA1 /* FSTBleFoundViewController.m */ = {isa = PBXFileReference; fileEncoding = 4; lastKnownFileType = sourcecode.c.objc; path = FSTBleFoundViewController.m; sourceTree = "<group>"; };
		517EC10A1B3B4E8C0025ECA1 /* FSTBleErrorViewController.h */ = {isa = PBXFileReference; fileEncoding = 4; lastKnownFileType = sourcecode.c.h; path = FSTBleErrorViewController.h; sourceTree = "<group>"; };
		517EC10B1B3B4E8C0025ECA1 /* FSTBleErrorViewController.m */ = {isa = PBXFileReference; fileEncoding = 4; lastKnownFileType = sourcecode.c.objc; path = FSTBleErrorViewController.m; sourceTree = "<group>"; };
		5B0583671B1562C3003782E2 /* UIDashedLineView.h */ = {isa = PBXFileReference; fileEncoding = 4; lastKnownFileType = sourcecode.c.h; path = UIDashedLineView.h; sourceTree = "<group>"; };
		5B0583681B1562C3003782E2 /* UIDashedLineView.m */ = {isa = PBXFileReference; fileEncoding = 4; lastKnownFileType = sourcecode.c.objc; path = UIDashedLineView.m; sourceTree = "<group>"; };
		5B05836A1B15F4DE003782E2 /* CALayer+XibConfiguration.h */ = {isa = PBXFileReference; fileEncoding = 4; lastKnownFileType = sourcecode.c.h; path = "CALayer+XibConfiguration.h"; sourceTree = "<group>"; };
		5B05836B1B15F4DE003782E2 /* CALayer+XibConfiguration.m */ = {isa = PBXFileReference; fileEncoding = 4; lastKnownFileType = sourcecode.c.objc; path = "CALayer+XibConfiguration.m"; sourceTree = "<group>"; };
		5B174DD31A5DB94700A00505 /* SCSiriWaveformView.h */ = {isa = PBXFileReference; fileEncoding = 4; lastKnownFileType = sourcecode.c.h; path = SCSiriWaveformView.h; sourceTree = "<group>"; };
		5B174DD41A5DB94700A00505 /* SCSiriWaveformView.m */ = {isa = PBXFileReference; fileEncoding = 4; lastKnownFileType = sourcecode.c.objc; path = SCSiriWaveformView.m; sourceTree = "<group>"; };
		5B174DD61A5DE1DE00A00505 /* MilkGallonStand.h */ = {isa = PBXFileReference; fileEncoding = 4; lastKnownFileType = sourcecode.c.h; path = MilkGallonStand.h; sourceTree = "<group>"; };
		5B174DD71A5DE1DE00A00505 /* MilkGallonStand.m */ = {isa = PBXFileReference; fileEncoding = 4; lastKnownFileType = sourcecode.c.objc; path = MilkGallonStand.m; sourceTree = "<group>"; };
		5B174DD91A5F40C500A00505 /* ProductAddWrapperViewController.h */ = {isa = PBXFileReference; fileEncoding = 4; lastKnownFileType = sourcecode.c.h; path = ProductAddWrapperViewController.h; sourceTree = "<group>"; };
		5B174DDA1A5F40C500A00505 /* ProductAddWrapperViewController.m */ = {isa = PBXFileReference; fileEncoding = 4; lastKnownFileType = sourcecode.c.objc; path = ProductAddWrapperViewController.m; sourceTree = "<group>"; };
		5B174DDF1A60717000A00505 /* FirstBuildAssets.xcassets */ = {isa = PBXFileReference; lastKnownFileType = folder.assetcatalog; path = FirstBuildAssets.xcassets; sourceTree = "<group>"; };
		5B3E18091A41CC76004F1FA0 /* ProductMainViewController.h */ = {isa = PBXFileReference; fileEncoding = 4; lastKnownFileType = sourcecode.c.h; path = ProductMainViewController.h; sourceTree = "<group>"; };
		5B3E180A1A41CC76004F1FA0 /* ProductMainViewController.m */ = {isa = PBXFileReference; fileEncoding = 4; lastKnownFileType = sourcecode.c.objc; path = ProductMainViewController.m; sourceTree = "<group>"; };
		5B4460241B1E00C9001A4953 /* FSTBeefView.h */ = {isa = PBXFileReference; fileEncoding = 4; lastKnownFileType = sourcecode.c.h; path = FSTBeefView.h; sourceTree = "<group>"; };
		5B4460251B1E00C9001A4953 /* FSTBeefView.m */ = {isa = PBXFileReference; fileEncoding = 4; lastKnownFileType = sourcecode.c.objc; path = FSTBeefView.m; sourceTree = "<group>"; };
		5B4460271B1E25D5001A4953 /* FSTParagonCookingSession.h */ = {isa = PBXFileReference; fileEncoding = 4; lastKnownFileType = sourcecode.c.h; path = FSTParagonCookingSession.h; sourceTree = "<group>"; };
		5B4460281B1E25D5001A4953 /* FSTParagonCookingSession.m */ = {isa = PBXFileReference; fileEncoding = 4; lastKnownFileType = sourcecode.c.objc; path = FSTParagonCookingSession.m; sourceTree = "<group>"; };
		5B44602A1B1E2601001A4953 /* FSTParagonCookingStage.h */ = {isa = PBXFileReference; fileEncoding = 4; lastKnownFileType = sourcecode.c.h; path = FSTParagonCookingStage.h; sourceTree = "<group>"; };
		5B44602B1B1E2601001A4953 /* FSTParagonCookingStage.m */ = {isa = PBXFileReference; fileEncoding = 4; lastKnownFileType = sourcecode.c.objc; path = FSTParagonCookingStage.m; sourceTree = "<group>"; };
		5B4486CB1A656E0300B12E56 /* WifiCommissioningNetworkTableViewCell.h */ = {isa = PBXFileReference; fileEncoding = 4; lastKnownFileType = sourcecode.c.h; path = WifiCommissioningNetworkTableViewCell.h; sourceTree = "<group>"; };
		5B4486CC1A656E0300B12E56 /* WifiCommissioningNetworkTableViewCell.m */ = {isa = PBXFileReference; fileEncoding = 4; lastKnownFileType = sourcecode.c.objc; path = WifiCommissioningNetworkTableViewCell.m; sourceTree = "<group>"; };
		5B7338B81B0F9856004C931E /* FSTCircleProgressLayer.h */ = {isa = PBXFileReference; fileEncoding = 4; lastKnownFileType = sourcecode.c.h; path = FSTCircleProgressLayer.h; sourceTree = "<group>"; };
		5B7338B91B0F9856004C931E /* FSTCircleProgressLayer.m */ = {isa = PBXFileReference; fileEncoding = 4; lastKnownFileType = sourcecode.c.objc; path = FSTCircleProgressLayer.m; sourceTree = "<group>"; };
		5B7338BB1B0F9A7E004C931E /* FSTCircleProgressView.h */ = {isa = PBXFileReference; fileEncoding = 4; lastKnownFileType = sourcecode.c.h; path = FSTCircleProgressView.h; sourceTree = "<group>"; };
		5B7338BC1B0F9A7E004C931E /* FSTCircleProgressView.m */ = {isa = PBXFileReference; fileEncoding = 4; lastKnownFileType = sourcecode.c.objc; path = FSTCircleProgressView.m; sourceTree = "<group>"; };
		5B7338BE1B0F9CEA004C931E /* Session.h */ = {isa = PBXFileReference; fileEncoding = 4; lastKnownFileType = sourcecode.c.h; path = Session.h; sourceTree = "<group>"; };
		5B7338BF1B0F9CEA004C931E /* Session.m */ = {isa = PBXFileReference; fileEncoding = 4; lastKnownFileType = sourcecode.c.objc; path = Session.m; sourceTree = "<group>"; };
		5B7FB5521A4373C900553797 /* WifiCommissioningConnectingViewController.h */ = {isa = PBXFileReference; fileEncoding = 4; lastKnownFileType = sourcecode.c.h; path = WifiCommissioningConnectingViewController.h; sourceTree = "<group>"; };
		5B7FB5531A4373C900553797 /* WifiCommissioningConnectingViewController.m */ = {isa = PBXFileReference; fileEncoding = 4; lastKnownFileType = sourcecode.c.objc; path = WifiCommissioningConnectingViewController.m; sourceTree = "<group>"; };
		5B7FB5561A43C6DF00553797 /* ChillHubDevicesTableViewController.h */ = {isa = PBXFileReference; fileEncoding = 4; lastKnownFileType = sourcecode.c.h; path = ChillHubDevicesTableViewController.h; sourceTree = "<group>"; };
		5B7FB5571A43C6DF00553797 /* ChillHubDevicesTableViewController.m */ = {isa = PBXFileReference; fileEncoding = 4; lastKnownFileType = sourcecode.c.objc; path = ChillHubDevicesTableViewController.m; sourceTree = "<group>"; };
		5B8858171A72F63B00F22325 /* UILabel+MultiLineAutoSize.h */ = {isa = PBXFileReference; fileEncoding = 4; lastKnownFileType = sourcecode.c.h; path = "UILabel+MultiLineAutoSize.h"; sourceTree = "<group>"; };
		5B8858181A72F63B00F22325 /* UILabel+MultiLineAutoSize.m */ = {isa = PBXFileReference; fileEncoding = 4; lastKnownFileType = sourcecode.c.objc; path = "UILabel+MultiLineAutoSize.m"; sourceTree = "<group>"; };
		5B88581A1A7308DF00F22325 /* Animations.xcassets */ = {isa = PBXFileReference; lastKnownFileType = folder.assetcatalog; path = Animations.xcassets; sourceTree = "<group>"; };
		5B8C10871A39324C00F481E6 /* fontawesome-webfont.ttf */ = {isa = PBXFileReference; lastKnownFileType = file; path = "fontawesome-webfont.ttf"; sourceTree = "<group>"; };
		5B8C10881A39EC2A00F481E6 /* ProductAddViewController.h */ = {isa = PBXFileReference; fileEncoding = 4; lastKnownFileType = sourcecode.c.h; path = ProductAddViewController.h; sourceTree = "<group>"; };
		5B8C10891A39EC2A00F481E6 /* ProductAddViewController.m */ = {isa = PBXFileReference; fileEncoding = 4; lastKnownFileType = sourcecode.c.objc; path = ProductAddViewController.m; sourceTree = "<group>"; };
		5B9925E41AE824BC00B337CB /* LedgeViewController.h */ = {isa = PBXFileReference; fileEncoding = 4; lastKnownFileType = sourcecode.c.h; path = LedgeViewController.h; sourceTree = "<group>"; };
		5B9925E51AE824BC00B337CB /* LedgeViewController.m */ = {isa = PBXFileReference; fileEncoding = 4; lastKnownFileType = sourcecode.c.objc; path = LedgeViewController.m; sourceTree = "<group>"; };
		5B9925E71AE8251800B337CB /* FSTLedge.h */ = {isa = PBXFileReference; fileEncoding = 4; lastKnownFileType = sourcecode.c.h; path = FSTLedge.h; sourceTree = "<group>"; };
		5B9925E81AE8251800B337CB /* FSTLedge.m */ = {isa = PBXFileReference; fileEncoding = 4; lastKnownFileType = sourcecode.c.objc; path = FSTLedge.m; sourceTree = "<group>"; };
		5B99DFC31AB1EB2D00247034 /* FSTParagon.h */ = {isa = PBXFileReference; fileEncoding = 4; lastKnownFileType = sourcecode.c.h; path = FSTParagon.h; sourceTree = "<group>"; };
		5B99DFC41AB1EB2D00247034 /* FSTParagon.m */ = {isa = PBXFileReference; fileEncoding = 4; lastKnownFileType = sourcecode.c.objc; path = FSTParagon.m; sourceTree = "<group>"; };
		5B99DFC61AB1F2E400247034 /* ParagonEngineering.storyboard */ = {isa = PBXFileReference; fileEncoding = 4; lastKnownFileType = file.storyboard; path = ParagonEngineering.storyboard; sourceTree = "<group>"; };
		5B99E00F1AB32DA100247034 /* ParagonEngineeringViewController.h */ = {isa = PBXFileReference; fileEncoding = 4; lastKnownFileType = sourcecode.c.h; path = ParagonEngineeringViewController.h; sourceTree = "<group>"; };
		5B99E0101AB32DA100247034 /* ParagonEngineeringViewController.m */ = {isa = PBXFileReference; fileEncoding = 4; lastKnownFileType = sourcecode.c.objc; path = ParagonEngineeringViewController.m; sourceTree = "<group>"; };
		5B99E07D1A1A593F005FB881 /* WifiCommissioningStoryboard.storyboard */ = {isa = PBXFileReference; fileEncoding = 4; lastKnownFileType = file.storyboard; path = WifiCommissioningStoryboard.storyboard; sourceTree = "<group>"; };
		5B99E07F1A1A5D10005FB881 /* WifiCommissioningViewController.h */ = {isa = PBXFileReference; fileEncoding = 4; lastKnownFileType = sourcecode.c.h; path = WifiCommissioningViewController.h; sourceTree = "<group>"; };
		5B99E0801A1A5D10005FB881 /* WifiCommissioningViewController.m */ = {isa = PBXFileReference; fileEncoding = 4; lastKnownFileType = sourcecode.c.objc; path = WifiCommissioningViewController.m; sourceTree = "<group>"; };
		5B99E0821A1AA63F005FB881 /* WifiCommissioningNetworkListViewController.h */ = {isa = PBXFileReference; fileEncoding = 4; lastKnownFileType = sourcecode.c.h; path = WifiCommissioningNetworkListViewController.h; sourceTree = "<group>"; };
		5B99E0831A1AA63F005FB881 /* WifiCommissioningNetworkListViewController.m */ = {isa = PBXFileReference; fileEncoding = 4; lastKnownFileType = sourcecode.c.objc; path = WifiCommissioningNetworkListViewController.m; sourceTree = "<group>"; };
		5B99E0851A1AA744005FB881 /* FSTNetwork.h */ = {isa = PBXFileReference; fileEncoding = 4; lastKnownFileType = sourcecode.c.h; path = FSTNetwork.h; sourceTree = "<group>"; };
		5B99E0861A1AA744005FB881 /* FSTNetwork.m */ = {isa = PBXFileReference; fileEncoding = 4; lastKnownFileType = sourcecode.c.objc; path = FSTNetwork.m; sourceTree = "<group>"; };
		5B99E0881A1E9CFF005FB881 /* WifiCommissioningErrorViewController.h */ = {isa = PBXFileReference; fileEncoding = 4; lastKnownFileType = sourcecode.c.h; path = WifiCommissioningErrorViewController.h; sourceTree = "<group>"; };
		5B99E0891A1E9CFF005FB881 /* WifiCommissioningErrorViewController.m */ = {isa = PBXFileReference; fileEncoding = 4; lastKnownFileType = sourcecode.c.objc; path = WifiCommissioningErrorViewController.m; sourceTree = "<group>"; };
		5B9EF0EE19DEEE1000E8D9F1 /* FirstBuild.app */ = {isa = PBXFileReference; explicitFileType = wrapper.application; includeInIndex = 0; path = FirstBuild.app; sourceTree = BUILT_PRODUCTS_DIR; };
		5B9EF0F219DEEE1000E8D9F1 /* Info.plist */ = {isa = PBXFileReference; lastKnownFileType = text.plist.xml; path = Info.plist; sourceTree = "<group>"; };
		5B9EF0F319DEEE1000E8D9F1 /* main.m */ = {isa = PBXFileReference; lastKnownFileType = sourcecode.c.objc; path = main.m; sourceTree = "<group>"; };
		5B9EF0F519DEEE1000E8D9F1 /* AppDelegate.h */ = {isa = PBXFileReference; lastKnownFileType = sourcecode.c.h; path = AppDelegate.h; sourceTree = "<group>"; };
		5B9EF0F619DEEE1000E8D9F1 /* AppDelegate.m */ = {isa = PBXFileReference; lastKnownFileType = sourcecode.c.objc; path = AppDelegate.m; sourceTree = "<group>"; };
		5B9EF0FE19DEEE1000E8D9F1 /* Images.xcassets */ = {isa = PBXFileReference; lastKnownFileType = folder.assetcatalog; path = Images.xcassets; sourceTree = "<group>"; };
		5B9EF10119DEEE1000E8D9F1 /* Base */ = {isa = PBXFileReference; lastKnownFileType = file.xib; name = Base; path = Base.lproj/LaunchScreen.xib; sourceTree = "<group>"; };
		5B9EF11D19DEFEF000E8D9F1 /* MenuViewController.h */ = {isa = PBXFileReference; fileEncoding = 4; lastKnownFileType = sourcecode.c.h; path = MenuViewController.h; sourceTree = "<group>"; };
		5B9EF12319DF08E700E8D9F1 /* MobiUs.pch */ = {isa = PBXFileReference; lastKnownFileType = sourcecode.c.h; path = MobiUs.pch; sourceTree = "<group>"; };
		5BA3A96C1B345DAF00E51C51 /* FSTBleCentralManager.h */ = {isa = PBXFileReference; fileEncoding = 4; lastKnownFileType = sourcecode.c.h; path = FSTBleCentralManager.h; sourceTree = "<group>"; };
		5BA3A96D1B345DAF00E51C51 /* FSTBleCentralManager.m */ = {isa = PBXFileReference; fileEncoding = 4; lastKnownFileType = sourcecode.c.objc; path = FSTBleCentralManager.m; sourceTree = "<group>"; };
		5BA3A9731B34722000E51C51 /* BLECommissioning.Storyboard */ = {isa = PBXFileReference; fileEncoding = 4; lastKnownFileType = file.storyboard; path = BLECommissioning.Storyboard; sourceTree = "<group>"; };
		5BA3A9751B3475EF00E51C51 /* FSTBleCommissioningViewController.h */ = {isa = PBXFileReference; fileEncoding = 4; lastKnownFileType = sourcecode.c.h; path = FSTBleCommissioningViewController.h; sourceTree = "<group>"; };
		5BA3A9761B3475EF00E51C51 /* FSTBleCommissioningViewController.m */ = {isa = PBXFileReference; fileEncoding = 4; lastKnownFileType = sourcecode.c.objc; path = FSTBleCommissioningViewController.m; sourceTree = "<group>"; };
		5BA3A9781B34760700E51C51 /* FSTBleCommissioningTableViewController.h */ = {isa = PBXFileReference; fileEncoding = 4; lastKnownFileType = sourcecode.c.h; path = FSTBleCommissioningTableViewController.h; sourceTree = "<group>"; };
		5BA3A9791B34760700E51C51 /* FSTBleCommissioningTableViewController.m */ = {isa = PBXFileReference; fileEncoding = 4; lastKnownFileType = sourcecode.c.objc; path = FSTBleCommissioningTableViewController.m; sourceTree = "<group>"; };
		5BA3A97B1B38B46500E51C51 /* FSTBleConnectingViewController.h */ = {isa = PBXFileReference; fileEncoding = 4; lastKnownFileType = sourcecode.c.h; path = FSTBleConnectingViewController.h; sourceTree = "<group>"; };
		5BA3A97C1B38B46500E51C51 /* FSTBleConnectingViewController.m */ = {isa = PBXFileReference; fileEncoding = 4; lastKnownFileType = sourcecode.c.objc; path = FSTBleConnectingViewController.m; sourceTree = "<group>"; };
		5BA3A97E1B38B47300E51C51 /* FSTBleConnectedViewController.h */ = {isa = PBXFileReference; fileEncoding = 4; lastKnownFileType = sourcecode.c.h; path = FSTBleConnectedViewController.h; sourceTree = "<group>"; };
		5BA3A97F1B38B47300E51C51 /* FSTBleConnectedViewController.m */ = {isa = PBXFileReference; fileEncoding = 4; lastKnownFileType = sourcecode.c.objc; path = FSTBleConnectedViewController.m; sourceTree = "<group>"; };
		5BA94D591A5C9EDE00F9AD79 /* MilkGallonClippingView.h */ = {isa = PBXFileReference; fileEncoding = 4; lastKnownFileType = sourcecode.c.h; path = MilkGallonClippingView.h; sourceTree = "<group>"; };
		5BA94D5A1A5C9EDE00F9AD79 /* MilkGallonClippingView.m */ = {isa = PBXFileReference; fileEncoding = 4; lastKnownFileType = sourcecode.c.objc; path = MilkGallonClippingView.m; sourceTree = "<group>"; };
		5BB1E7DF1AF7F4BA00730031 /* BeerBankViewController.h */ = {isa = PBXFileReference; fileEncoding = 4; lastKnownFileType = sourcecode.c.h; path = BeerBankViewController.h; sourceTree = "<group>"; };
		5BB1E7E01AF7F4BA00730031 /* BeerBankViewController.m */ = {isa = PBXFileReference; fileEncoding = 4; lastKnownFileType = sourcecode.c.objc; path = BeerBankViewController.m; sourceTree = "<group>"; };
		5BB1E7E21AF7F4E800730031 /* FSTBeerBank.h */ = {isa = PBXFileReference; fileEncoding = 4; lastKnownFileType = sourcecode.c.h; path = FSTBeerBank.h; sourceTree = "<group>"; };
		5BB1E7E31AF7F4E800730031 /* FSTBeerBank.m */ = {isa = PBXFileReference; fileEncoding = 4; lastKnownFileType = sourcecode.c.objc; path = FSTBeerBank.m; sourceTree = "<group>"; };
		5BBB0B9819F1DE8C001D5DF1 /* ScaleViewController.h */ = {isa = PBXFileReference; fileEncoding = 4; lastKnownFileType = sourcecode.c.h; path = ScaleViewController.h; sourceTree = "<group>"; };
		5BBB0B9919F1DE8C001D5DF1 /* ScaleViewController.m */ = {isa = PBXFileReference; fileEncoding = 4; lastKnownFileType = sourcecode.c.objc; path = ScaleViewController.m; sourceTree = "<group>"; };
		5BBC7A761A65BD7200A79080 /* splashvideo.mp4 */ = {isa = PBXFileReference; lastKnownFileType = file; path = splashvideo.mp4; sourceTree = "<group>"; };
		5BBC7A781A66F7F100A79080 /* WifiCommissioningFoundViewController.h */ = {isa = PBXFileReference; fileEncoding = 4; lastKnownFileType = sourcecode.c.h; path = WifiCommissioningFoundViewController.h; sourceTree = "<group>"; };
		5BBC7A791A66F7F100A79080 /* WifiCommissioningFoundViewController.m */ = {isa = PBXFileReference; fileEncoding = 4; lastKnownFileType = sourcecode.c.objc; path = WifiCommissioningFoundViewController.m; sourceTree = "<group>"; };
		5BBFACFD19E495FC00E42575 /* ProductCollectionViewController.h */ = {isa = PBXFileReference; fileEncoding = 4; lastKnownFileType = sourcecode.c.h; path = ProductCollectionViewController.h; sourceTree = "<group>"; };
		5BBFACFE19E495FC00E42575 /* ProductCollectionViewController.m */ = {isa = PBXFileReference; fileEncoding = 4; lastKnownFileType = sourcecode.c.objc; path = ProductCollectionViewController.m; sourceTree = "<group>"; };
		5BBFAD0019E4965500E42575 /* ProductCollectionViewCell.h */ = {isa = PBXFileReference; fileEncoding = 4; lastKnownFileType = sourcecode.c.h; path = ProductCollectionViewCell.h; sourceTree = "<group>"; };
		5BBFAD0119E4965500E42575 /* ProductCollectionViewCell.m */ = {isa = PBXFileReference; fileEncoding = 4; lastKnownFileType = sourcecode.c.objc; path = ProductCollectionViewCell.m; sourceTree = "<group>"; };
		5BC364761A2CF9EF00D03B9C /* splashvideo.m4v */ = {isa = PBXFileReference; lastKnownFileType = file; path = splashvideo.m4v; sourceTree = "<group>"; };
		5BC3647A1A2E25A800D03B9C /* splashvideo.mov */ = {isa = PBXFileReference; lastKnownFileType = video.quicktime; path = splashvideo.mov; sourceTree = "<group>"; };
		5BC3647C1A2F637800D03B9C /* FSTDevice.h */ = {isa = PBXFileReference; fileEncoding = 4; lastKnownFileType = sourcecode.c.h; path = FSTDevice.h; sourceTree = "<group>"; };
		5BC3647D1A2F637800D03B9C /* FSTDevice.m */ = {isa = PBXFileReference; fileEncoding = 4; lastKnownFileType = sourcecode.c.objc; path = FSTDevice.m; sourceTree = "<group>"; };
		5BC3647F1A2F63C200D03B9C /* FSTDeviceAuth.h */ = {isa = PBXFileReference; fileEncoding = 4; lastKnownFileType = sourcecode.c.h; path = FSTDeviceAuth.h; sourceTree = "<group>"; };
		5BC364801A2F63C200D03B9C /* FSTDeviceAuth.m */ = {isa = PBXFileReference; fileEncoding = 4; lastKnownFileType = sourcecode.c.objc; path = FSTDeviceAuth.m; sourceTree = "<group>"; };
		5BC364881A2FAC1A00D03B9C /* FSTMilkyWeigh.h */ = {isa = PBXFileReference; fileEncoding = 4; lastKnownFileType = sourcecode.c.h; path = FSTMilkyWeigh.h; sourceTree = "<group>"; };
		5BC364891A2FAC1A00D03B9C /* FSTMilkyWeigh.m */ = {isa = PBXFileReference; fileEncoding = 4; lastKnownFileType = sourcecode.c.objc; path = FSTMilkyWeigh.m; sourceTree = "<group>"; };
		5BC3648B1A3112EE00D03B9C /* FSTBackgroundLayer.h */ = {isa = PBXFileReference; fileEncoding = 4; lastKnownFileType = sourcecode.c.h; path = FSTBackgroundLayer.h; sourceTree = "<group>"; };
		5BC3648C1A3112EE00D03B9C /* FSTBackgroundLayer.m */ = {isa = PBXFileReference; fileEncoding = 4; lastKnownFileType = sourcecode.c.objc; path = FSTBackgroundLayer.m; sourceTree = "<group>"; };
		5BC364951A3260E200D03B9C /* FSTChillHub.h */ = {isa = PBXFileReference; fileEncoding = 4; lastKnownFileType = sourcecode.c.h; path = FSTChillHub.h; sourceTree = "<group>"; };
		5BC364961A3260E200D03B9C /* FSTChillHub.m */ = {isa = PBXFileReference; fileEncoding = 4; lastKnownFileType = sourcecode.c.objc; path = FSTChillHub.m; sourceTree = "<group>"; };
		5BC364981A32624F00D03B9C /* FSTChillHubDevice.h */ = {isa = PBXFileReference; fileEncoding = 4; lastKnownFileType = sourcecode.c.h; path = FSTChillHubDevice.h; sourceTree = "<group>"; };
		5BC364991A32624F00D03B9C /* FSTChillHubDevice.m */ = {isa = PBXFileReference; fileEncoding = 4; lastKnownFileType = sourcecode.c.objc; path = FSTChillHubDevice.m; sourceTree = "<group>"; };
		5BC3649B1A32661B00D03B9C /* FSTProduct.h */ = {isa = PBXFileReference; fileEncoding = 4; lastKnownFileType = sourcecode.c.h; path = FSTProduct.h; sourceTree = "<group>"; };
		5BC3649C1A32661B00D03B9C /* FSTProduct.m */ = {isa = PBXFileReference; fileEncoding = 4; lastKnownFileType = sourcecode.c.objc; path = FSTProduct.m; sourceTree = "<group>"; };
		5BC5A1BD19EF5E79009C93B1 /* FBTAuthenticationViewController.h */ = {isa = PBXFileReference; fileEncoding = 4; lastKnownFileType = sourcecode.c.h; path = FBTAuthenticationViewController.h; sourceTree = "<group>"; };
		5BC5A1BE19EF5E79009C93B1 /* FBTAuthenticationViewController.m */ = {isa = PBXFileReference; fileEncoding = 4; lastKnownFileType = sourcecode.c.objc; path = FBTAuthenticationViewController.m; sourceTree = "<group>"; };
		5BC5A1C519EF6314009C93B1 /* Authentication.storyboard */ = {isa = PBXFileReference; fileEncoding = 4; lastKnownFileType = file.storyboard; path = Authentication.storyboard; sourceTree = "<group>"; };
		5BC5A1CA19EF6570009C93B1 /* FirebaseProtocol.h */ = {isa = PBXFileReference; lastKnownFileType = sourcecode.c.h; path = FirebaseProtocol.h; sourceTree = "<group>"; };
		5BC5A1CB19EF6584009C93B1 /* FBTUser.h */ = {isa = PBXFileReference; fileEncoding = 4; lastKnownFileType = sourcecode.c.h; path = FBTUser.h; sourceTree = "<group>"; };
		5BC5A1CC19EF6584009C93B1 /* FBTUser.m */ = {isa = PBXFileReference; fileEncoding = 4; lastKnownFileType = sourcecode.c.objc; path = FBTUser.m; sourceTree = "<group>"; };
		5BC5A1CE19EF65C3009C93B1 /* Constants.h */ = {isa = PBXFileReference; lastKnownFileType = sourcecode.c.h; path = Constants.h; sourceTree = "<group>"; };
		5BC5A1CF19EF6638009C93B1 /* Constants.m */ = {isa = PBXFileReference; fileEncoding = 4; lastKnownFileType = sourcecode.c.objc; path = Constants.m; sourceTree = "<group>"; };
		5BC7C7B21A83CD06003DA2F3 /* ChillHubDeviceTableViewCell.h */ = {isa = PBXFileReference; fileEncoding = 4; lastKnownFileType = sourcecode.c.h; path = ChillHubDeviceTableViewCell.h; sourceTree = "<group>"; };
		5BC7C7B31A83CD06003DA2F3 /* ChillHubDeviceTableViewCell.m */ = {isa = PBXFileReference; fileEncoding = 4; lastKnownFileType = sourcecode.c.objc; path = ChillHubDeviceTableViewCell.m; sourceTree = "<group>"; };
		5BCBB9D31B02991B00B8E043 /* FSTParagon.storyboard */ = {isa = PBXFileReference; fileEncoding = 4; lastKnownFileType = file.storyboard; path = FSTParagon.storyboard; sourceTree = SOURCE_ROOT; };
		5BCBB9D51B02A1A100B8E043 /* FSTCookingMethodViewController.h */ = {isa = PBXFileReference; fileEncoding = 4; lastKnownFileType = sourcecode.c.h; path = FSTCookingMethodViewController.h; sourceTree = "<group>"; };
		5BCBB9D61B02A1A100B8E043 /* FSTCookingMethodViewController.m */ = {isa = PBXFileReference; fileEncoding = 4; lastKnownFileType = sourcecode.c.objc; path = FSTCookingMethodViewController.m; sourceTree = "<group>"; };
		5BCBB9D81B02A1EA00B8E043 /* FSTCookingMethodSubSelectionViewController.h */ = {isa = PBXFileReference; fileEncoding = 4; lastKnownFileType = sourcecode.c.h; path = FSTCookingMethodSubSelectionViewController.h; sourceTree = "<group>"; };
		5BCBB9D91B02A1EA00B8E043 /* FSTCookingMethodSubSelectionViewController.m */ = {isa = PBXFileReference; fileEncoding = 4; lastKnownFileType = sourcecode.c.objc; path = FSTCookingMethodSubSelectionViewController.m; sourceTree = "<group>"; };
		5BCBB9DB1B02A22B00B8E043 /* FSTBeefSettingsViewController.h */ = {isa = PBXFileReference; fileEncoding = 4; lastKnownFileType = sourcecode.c.h; path = FSTBeefSettingsViewController.h; sourceTree = "<group>"; };
		5BCBB9DC1B02A22B00B8E043 /* FSTBeefSettingsViewController.m */ = {isa = PBXFileReference; fileEncoding = 4; lastKnownFileType = sourcecode.c.objc; path = FSTBeefSettingsViewController.m; sourceTree = "<group>"; };
		5BCBB9DE1B02A24100B8E043 /* FSTReadyToPreheatViewController.h */ = {isa = PBXFileReference; fileEncoding = 4; lastKnownFileType = sourcecode.c.h; path = FSTReadyToPreheatViewController.h; sourceTree = "<group>"; };
		5BCBB9DF1B02A24100B8E043 /* FSTReadyToPreheatViewController.m */ = {isa = PBXFileReference; fileEncoding = 4; lastKnownFileType = sourcecode.c.objc; path = FSTReadyToPreheatViewController.m; sourceTree = "<group>"; };
		5BCBB9E11B02A25200B8E043 /* FSTPreheatingViewController.h */ = {isa = PBXFileReference; fileEncoding = 4; lastKnownFileType = sourcecode.c.h; path = FSTPreheatingViewController.h; sourceTree = "<group>"; };
		5BCBB9E21B02A25200B8E043 /* FSTPreheatingViewController.m */ = {isa = PBXFileReference; fileEncoding = 4; lastKnownFileType = sourcecode.c.objc; path = FSTPreheatingViewController.m; sourceTree = "<group>"; };
		5BCBB9E41B02A4DD00B8E043 /* FSTReadyToCookViewController.h */ = {isa = PBXFileReference; fileEncoding = 4; lastKnownFileType = sourcecode.c.h; path = FSTReadyToCookViewController.h; sourceTree = "<group>"; };
		5BCBB9E51B02A4DD00B8E043 /* FSTReadyToCookViewController.m */ = {isa = PBXFileReference; fileEncoding = 4; lastKnownFileType = sourcecode.c.objc; path = FSTReadyToCookViewController.m; sourceTree = "<group>"; };
		5BCBB9E71B02A51700B8E043 /* FSTCookingViewController.h */ = {isa = PBXFileReference; fileEncoding = 4; lastKnownFileType = sourcecode.c.h; path = FSTCookingViewController.h; sourceTree = "<group>"; };
		5BCBB9E81B02A51700B8E043 /* FSTCookingViewController.m */ = {isa = PBXFileReference; fileEncoding = 4; lastKnownFileType = sourcecode.c.objc; path = FSTCookingViewController.m; sourceTree = "<group>"; };
		5BCBB9EA1B02A5E600B8E043 /* FSTCustomCookSettingsViewController.h */ = {isa = PBXFileReference; fileEncoding = 4; lastKnownFileType = sourcecode.c.h; path = FSTCustomCookSettingsViewController.h; sourceTree = "<group>"; };
		5BCBB9EB1B02A5E600B8E043 /* FSTCustomCookSettingsViewController.m */ = {isa = PBXFileReference; fileEncoding = 4; lastKnownFileType = sourcecode.c.objc; path = FSTCustomCookSettingsViewController.m; sourceTree = "<group>"; };
		5BCBB9ED1B02A64E00B8E043 /* FSTCancelPreheatViewController.h */ = {isa = PBXFileReference; fileEncoding = 4; lastKnownFileType = sourcecode.c.h; path = FSTCancelPreheatViewController.h; sourceTree = "<group>"; };
		5BCBB9EE1B02A64E00B8E043 /* FSTCancelPreheatViewController.m */ = {isa = PBXFileReference; fileEncoding = 4; lastKnownFileType = sourcecode.c.objc; path = FSTCancelPreheatViewController.m; sourceTree = "<group>"; };
		5BCBB9F01B02A67500B8E043 /* FSTCookingStopViewController.h */ = {isa = PBXFileReference; fileEncoding = 4; lastKnownFileType = sourcecode.c.h; path = FSTCookingStopViewController.h; sourceTree = "<group>"; };
		5BCBB9F11B02A67500B8E043 /* FSTCookingStopViewController.m */ = {isa = PBXFileReference; fileEncoding = 4; lastKnownFileType = sourcecode.c.objc; path = FSTCookingStopViewController.m; sourceTree = "<group>"; };
		5BCBB9F31B0386CE00B8E043 /* FSTCookingMethodTableViewController.h */ = {isa = PBXFileReference; fileEncoding = 4; lastKnownFileType = sourcecode.c.h; path = FSTCookingMethodTableViewController.h; sourceTree = "<group>"; };
		5BCBB9F41B0386CE00B8E043 /* FSTCookingMethodTableViewController.m */ = {isa = PBXFileReference; fileEncoding = 4; lastKnownFileType = sourcecode.c.objc; path = FSTCookingMethodTableViewController.m; sourceTree = "<group>"; };
		5BCBB9F61B03905F00B8E043 /* FSTCookingMethod.h */ = {isa = PBXFileReference; fileEncoding = 4; lastKnownFileType = sourcecode.c.h; path = FSTCookingMethod.h; sourceTree = "<group>"; };
		5BCBB9F71B03905F00B8E043 /* FSTCookingMethod.m */ = {isa = PBXFileReference; fileEncoding = 4; lastKnownFileType = sourcecode.c.objc; path = FSTCookingMethod.m; sourceTree = "<group>"; };
		5BCBB9F91B03909000B8E043 /* FSTSousVideCookingMethod.h */ = {isa = PBXFileReference; fileEncoding = 4; lastKnownFileType = sourcecode.c.h; path = FSTSousVideCookingMethod.h; sourceTree = "<group>"; };
		5BCBB9FA1B03909000B8E043 /* FSTSousVideCookingMethod.m */ = {isa = PBXFileReference; fileEncoding = 4; lastKnownFileType = sourcecode.c.objc; path = FSTSousVideCookingMethod.m; sourceTree = "<group>"; };
		5BCBB9FC1B0390C500B8E043 /* FSTBeefSousVideCookingMethod.h */ = {isa = PBXFileReference; fileEncoding = 4; lastKnownFileType = sourcecode.c.h; path = FSTBeefSousVideCookingMethod.h; sourceTree = "<group>"; };
		5BCBB9FD1B0390C500B8E043 /* FSTBeefSousVideCookingMethod.m */ = {isa = PBXFileReference; fileEncoding = 4; lastKnownFileType = sourcecode.c.objc; path = FSTBeefSousVideCookingMethod.m; sourceTree = "<group>"; };
		5BCBB9FF1B03CA5200B8E043 /* FSTCookingMethods.h */ = {isa = PBXFileReference; fileEncoding = 4; lastKnownFileType = sourcecode.c.h; path = FSTCookingMethods.h; sourceTree = "<group>"; };
		5BCBBA001B03CA5200B8E043 /* FSTCookingMethods.m */ = {isa = PBXFileReference; fileEncoding = 4; lastKnownFileType = sourcecode.c.objc; path = FSTCookingMethods.m; sourceTree = "<group>"; };
		5BCBBA021B03E92300B8E043 /* FSTSousVideCookingMethods.h */ = {isa = PBXFileReference; fileEncoding = 4; lastKnownFileType = sourcecode.c.h; path = FSTSousVideCookingMethods.h; sourceTree = "<group>"; };
		5BCBBA031B03E92300B8E043 /* FSTSousVideCookingMethods.m */ = {isa = PBXFileReference; fileEncoding = 4; lastKnownFileType = sourcecode.c.objc; path = FSTSousVideCookingMethods.m; sourceTree = "<group>"; };
		5BCDFBF01A64CFA6006E6055 /* WifiCommissioningPasswordViewController.h */ = {isa = PBXFileReference; fileEncoding = 4; lastKnownFileType = sourcecode.c.h; path = WifiCommissioningPasswordViewController.h; sourceTree = "<group>"; };
		5BCDFBF11A64CFA6006E6055 /* WifiCommissioningPasswordViewController.m */ = {isa = PBXFileReference; fileEncoding = 4; lastKnownFileType = sourcecode.c.objc; path = WifiCommissioningPasswordViewController.m; sourceTree = "<group>"; };
		5BCDFBF31A65584A006E6055 /* WifiCommissioningNetworksTableViewController.h */ = {isa = PBXFileReference; fileEncoding = 4; lastKnownFileType = sourcecode.c.h; path = WifiCommissioningNetworksTableViewController.h; sourceTree = "<group>"; };
		5BCDFBF41A65584A006E6055 /* WifiCommissioningNetworksTableViewController.m */ = {isa = PBXFileReference; fileEncoding = 4; lastKnownFileType = sourcecode.c.objc; path = WifiCommissioningNetworksTableViewController.m; sourceTree = "<group>"; };
		5BD467CB1A35ED54009BAC36 /* FirebaseShared.h */ = {isa = PBXFileReference; fileEncoding = 4; lastKnownFileType = sourcecode.c.h; path = FirebaseShared.h; sourceTree = "<group>"; };
		5BD467CC1A35ED54009BAC36 /* FirebaseShared.m */ = {isa = PBXFileReference; fileEncoding = 4; lastKnownFileType = sourcecode.c.objc; path = FirebaseShared.m; sourceTree = "<group>"; };
		5BE2A7281B17BD3F00EFA91A /* FSTGradientLensView.h */ = {isa = PBXFileReference; fileEncoding = 4; lastKnownFileType = sourcecode.c.h; path = FSTGradientLensView.h; sourceTree = "<group>"; };
		5BE2A7291B17BD3F00EFA91A /* FSTGradientLensView.m */ = {isa = PBXFileReference; fileEncoding = 4; lastKnownFileType = sourcecode.c.objc; path = FSTGradientLensView.m; sourceTree = "<group>"; };
		5BE2A72B1B18AB2300EFA91A /* FSTArrowEndedLine.h */ = {isa = PBXFileReference; fileEncoding = 4; lastKnownFileType = sourcecode.c.h; path = FSTArrowEndedLine.h; sourceTree = "<group>"; };
		5BE2A72C1B18AB2300EFA91A /* FSTArrowEndedLine.m */ = {isa = PBXFileReference; fileEncoding = 4; lastKnownFileType = sourcecode.c.objc; path = FSTArrowEndedLine.m; sourceTree = "<group>"; };
		5BE2A72E1B18E19C00EFA91A /* FSTLineGridView.h */ = {isa = PBXFileReference; fileEncoding = 4; lastKnownFileType = sourcecode.c.h; path = FSTLineGridView.h; sourceTree = "<group>"; };
		5BE2A72F1B18E19C00EFA91A /* FSTLineGridView.m */ = {isa = PBXFileReference; fileEncoding = 4; lastKnownFileType = sourcecode.c.objc; path = FSTLineGridView.m; sourceTree = "<group>"; };
		5BF9482919EC15A000CB8BCF /* ChillHubViewController.h */ = {isa = PBXFileReference; fileEncoding = 4; lastKnownFileType = sourcecode.c.h; path = ChillHubViewController.h; sourceTree = "<group>"; };
		5BF9482A19EC15A000CB8BCF /* ChillHubViewController.m */ = {isa = PBXFileReference; fileEncoding = 4; lastKnownFileType = sourcecode.c.objc; path = ChillHubViewController.m; sourceTree = "<group>"; };
		5BF9482C19EC15BB00CB8BCF /* ChillHub.storyboard */ = {isa = PBXFileReference; fileEncoding = 4; lastKnownFileType = file.storyboard; path = ChillHub.storyboard; sourceTree = "<group>"; };
		5BF9482E19EC15E300CB8BCF /* MenuViewController.m */ = {isa = PBXFileReference; fileEncoding = 4; lastKnownFileType = sourcecode.c.objc; path = MenuViewController.m; sourceTree = "<group>"; };
		5BF9483019EC15F900CB8BCF /* Main.storyboard */ = {isa = PBXFileReference; fileEncoding = 4; lastKnownFileType = file.storyboard; path = Main.storyboard; sourceTree = "<group>"; };
		6743AE1D19E30E46000D9CF3 /* MobiNavigationController.h */ = {isa = PBXFileReference; fileEncoding = 4; lastKnownFileType = sourcecode.c.h; path = MobiNavigationController.h; sourceTree = "<group>"; };
		6743AE1E19E30E46000D9CF3 /* MobiNavigationController.m */ = {isa = PBXFileReference; fileEncoding = 4; lastKnownFileType = sourcecode.c.objc; path = MobiNavigationController.m; sourceTree = "<group>"; };
		67926FF119ED8BA000E346C2 /* PT_Sans-Narrow-Web-Regular.ttf */ = {isa = PBXFileReference; lastKnownFileType = file; path = "PT_Sans-Narrow-Web-Regular.ttf"; sourceTree = "<group>"; };
		67926FF819EDCB6F00E346C2 /* PT_Sans-Narrow-Web-Bold.ttf */ = {isa = PBXFileReference; lastKnownFileType = file; path = "PT_Sans-Narrow-Web-Bold.ttf"; sourceTree = "<group>"; };
		7C32915B6E0C4545E2A923B7 /* Pods.release.xcconfig */ = {isa = PBXFileReference; includeInIndex = 1; lastKnownFileType = text.xcconfig; name = Pods.release.xcconfig; path = "Pods/Target Support Files/Pods/Pods.release.xcconfig"; sourceTree = "<group>"; };
		8E41CC8E45B35A1D2EC877B4 /* Pods.debug.xcconfig */ = {isa = PBXFileReference; includeInIndex = 1; lastKnownFileType = text.xcconfig; name = Pods.debug.xcconfig; path = "Pods/Target Support Files/Pods/Pods.debug.xcconfig"; sourceTree = "<group>"; };
/* End PBXFileReference section */

/* Begin PBXFrameworksBuildPhase section */
		5B9EF0EB19DEEE1000E8D9F1 /* Frameworks */ = {
			isa = PBXFrameworksBuildPhase;
			buildActionMask = 2147483647;
			files = (
				F260351313DF1394D6FCA9DD /* libPods.a in Frameworks */,
			);
			runOnlyForDeploymentPostprocessing = 0;
		};
/* End PBXFrameworksBuildPhase section */

/* Begin PBXGroup section */
		4B157123A66C0AD779C63B95 /* Pods */ = {
			isa = PBXGroup;
			children = (
				8E41CC8E45B35A1D2EC877B4 /* Pods.debug.xcconfig */,
				7C32915B6E0C4545E2A923B7 /* Pods.release.xcconfig */,
			);
			name = Pods;
			sourceTree = "<group>";
		};
		5B3F1C9919E8843900303242 /* ChillHub */ = {
			isa = PBXGroup;
			children = (
				5B4EFBF919E7018900516C2D /* views */,
				5B4EFBF819E7015A00516C2D /* controllers */,
				5B4EFBF719E7014000516C2D /* model */,
			);
			name = ChillHub;
			sourceTree = "<group>";
		};
		5B3F1C9A19E8845400303242 /* Main */ = {
			isa = PBXGroup;
			children = (
				5B3F1C9D19E8853500303242 /* model */,
				5B3F1C9C19E8853000303242 /* views */,
				5B3F1C9B19E8852A00303242 /* controllers */,
				5B9EF0F519DEEE1000E8D9F1 /* AppDelegate.h */,
				5B9EF0F619DEEE1000E8D9F1 /* AppDelegate.m */,
			);
			name = Main;
			sourceTree = "<group>";
		};
		5B3F1C9B19E8852A00303242 /* controllers */ = {
			isa = PBXGroup;
			children = (
				5BBFACFD19E495FC00E42575 /* ProductCollectionViewController.h */,
				5BBFACFE19E495FC00E42575 /* ProductCollectionViewController.m */,
				5BBFAD0019E4965500E42575 /* ProductCollectionViewCell.h */,
				5BBFAD0119E4965500E42575 /* ProductCollectionViewCell.m */,
				5B9EF11D19DEFEF000E8D9F1 /* MenuViewController.h */,
				5BF9482E19EC15E300CB8BCF /* MenuViewController.m */,
				5B8C10881A39EC2A00F481E6 /* ProductAddViewController.h */,
				5B8C10891A39EC2A00F481E6 /* ProductAddViewController.m */,
				5B3E18091A41CC76004F1FA0 /* ProductMainViewController.h */,
				5B3E180A1A41CC76004F1FA0 /* ProductMainViewController.m */,
				5B174DD91A5F40C500A00505 /* ProductAddWrapperViewController.h */,
				5B174DDA1A5F40C500A00505 /* ProductAddWrapperViewController.m */,
			);
			name = controllers;
			sourceTree = "<group>";
		};
		5B3F1C9C19E8853000303242 /* views */ = {
			isa = PBXGroup;
			children = (
				5B9EF10019DEEE1000E8D9F1 /* LaunchScreen.xib */,
				5BF9483019EC15F900CB8BCF /* Main.storyboard */,
			);
			name = views;
			sourceTree = "<group>";
		};
		5B3F1C9D19E8853500303242 /* model */ = {
			isa = PBXGroup;
			children = (
			);
			name = model;
			sourceTree = "<group>";
		};
		5B4EFBF719E7014000516C2D /* model */ = {
			isa = PBXGroup;
			children = (
				5BC364951A3260E200D03B9C /* FSTChillHub.h */,
				5BC364961A3260E200D03B9C /* FSTChillHub.m */,
				5BC364881A2FAC1A00D03B9C /* FSTMilkyWeigh.h */,
				5BC364891A2FAC1A00D03B9C /* FSTMilkyWeigh.m */,
				5BC364981A32624F00D03B9C /* FSTChillHubDevice.h */,
				5BC364991A32624F00D03B9C /* FSTChillHubDevice.m */,
				5B9925E71AE8251800B337CB /* FSTLedge.h */,
				5B9925E81AE8251800B337CB /* FSTLedge.m */,
				5BB1E7E21AF7F4E800730031 /* FSTBeerBank.h */,
				5BB1E7E31AF7F4E800730031 /* FSTBeerBank.m */,
			);
			name = model;
			sourceTree = "<group>";
		};
		5B4EFBF819E7015A00516C2D /* controllers */ = {
			isa = PBXGroup;
			children = (
				5BF9482919EC15A000CB8BCF /* ChillHubViewController.h */,
				5BF9482A19EC15A000CB8BCF /* ChillHubViewController.m */,
				5BBB0B9819F1DE8C001D5DF1 /* ScaleViewController.h */,
				5BBB0B9919F1DE8C001D5DF1 /* ScaleViewController.m */,
				5B7FB5561A43C6DF00553797 /* ChillHubDevicesTableViewController.h */,
				5B7FB5571A43C6DF00553797 /* ChillHubDevicesTableViewController.m */,
				5BC7C7B21A83CD06003DA2F3 /* ChillHubDeviceTableViewCell.h */,
				5BC7C7B31A83CD06003DA2F3 /* ChillHubDeviceTableViewCell.m */,
				5B9925E41AE824BC00B337CB /* LedgeViewController.h */,
				5B9925E51AE824BC00B337CB /* LedgeViewController.m */,
				5BB1E7DF1AF7F4BA00730031 /* BeerBankViewController.h */,
				5BB1E7E01AF7F4BA00730031 /* BeerBankViewController.m */,
			);
			name = controllers;
			sourceTree = "<group>";
		};
		5B4EFBF919E7018900516C2D /* views */ = {
			isa = PBXGroup;
			children = (
				5B174DD31A5DB94700A00505 /* SCSiriWaveformView.h */,
				5B174DD41A5DB94700A00505 /* SCSiriWaveformView.m */,
				5BF9482C19EC15BB00CB8BCF /* ChillHub.storyboard */,
				5BA94D591A5C9EDE00F9AD79 /* MilkGallonClippingView.h */,
				5BA94D5A1A5C9EDE00F9AD79 /* MilkGallonClippingView.m */,
				5B174DD61A5DE1DE00A00505 /* MilkGallonStand.h */,
				5B174DD71A5DE1DE00A00505 /* MilkGallonStand.m */,
			);
			name = views;
			sourceTree = "<group>";
		};
		5B99DFBF1AB1EA2200247034 /* Paragon */ = {
			isa = PBXGroup;
			children = (
				5B99DFC21AB1EA3500247034 /* controllers */,
				5B99DFC11AB1EA2F00247034 /* views */,
				5B99DFC01AB1EA2900247034 /* model */,
			);
			name = Paragon;
			sourceTree = "<group>";
		};
		5B99DFC01AB1EA2900247034 /* model */ = {
			isa = PBXGroup;
			children = (
				5B7338BE1B0F9CEA004C931E /* Session.h */,
				5B7338BF1B0F9CEA004C931E /* Session.m */,
				5B99DFC31AB1EB2D00247034 /* FSTParagon.h */,
				5B99DFC41AB1EB2D00247034 /* FSTParagon.m */,
				5BCBB9FC1B0390C500B8E043 /* FSTBeefSousVideCookingMethod.h */,
				5BCBB9FD1B0390C500B8E043 /* FSTBeefSousVideCookingMethod.m */,
				5BCBB9F71B03905F00B8E043 /* FSTCookingMethod.m */,
				5BCBB9F61B03905F00B8E043 /* FSTCookingMethod.h */,
				5BCBB9F91B03909000B8E043 /* FSTSousVideCookingMethod.h */,
				5BCBB9FA1B03909000B8E043 /* FSTSousVideCookingMethod.m */,
				5BCBB9FF1B03CA5200B8E043 /* FSTCookingMethods.h */,
				5BCBBA001B03CA5200B8E043 /* FSTCookingMethods.m */,
				5BCBBA021B03E92300B8E043 /* FSTSousVideCookingMethods.h */,
				5BCBBA031B03E92300B8E043 /* FSTSousVideCookingMethods.m */,
				5B4460271B1E25D5001A4953 /* FSTParagonCookingSession.h */,
				5B4460281B1E25D5001A4953 /* FSTParagonCookingSession.m */,
				5B44602A1B1E2601001A4953 /* FSTParagonCookingStage.h */,
				5B44602B1B1E2601001A4953 /* FSTParagonCookingStage.m */,
			);
			name = model;
			sourceTree = "<group>";
		};
		5B99DFC11AB1EA2F00247034 /* views */ = {
			isa = PBXGroup;
			children = (
				5B99DFC61AB1F2E400247034 /* ParagonEngineering.storyboard */,
				5BCBB9D31B02991B00B8E043 /* FSTParagon.storyboard */,
				5B7338B81B0F9856004C931E /* FSTCircleProgressLayer.h */,
				5B7338B91B0F9856004C931E /* FSTCircleProgressLayer.m */,
				5B7338BB1B0F9A7E004C931E /* FSTCircleProgressView.h */,
				5B7338BC1B0F9A7E004C931E /* FSTCircleProgressView.m */,
				5BE2A7281B17BD3F00EFA91A /* FSTGradientLensView.h */,
				5BE2A7291B17BD3F00EFA91A /* FSTGradientLensView.m */,
				5BE2A72B1B18AB2300EFA91A /* FSTArrowEndedLine.h */,
				5BE2A72C1B18AB2300EFA91A /* FSTArrowEndedLine.m */,
				5BE2A72E1B18E19C00EFA91A /* FSTLineGridView.h */,
				5BE2A72F1B18E19C00EFA91A /* FSTLineGridView.m */,
				5B4460241B1E00C9001A4953 /* FSTBeefView.h */,
				5B4460251B1E00C9001A4953 /* FSTBeefView.m */,
			);
			name = views;
			sourceTree = "<group>";
		};
		5B99DFC21AB1EA3500247034 /* controllers */ = {
			isa = PBXGroup;
			children = (
				5B99E00F1AB32DA100247034 /* ParagonEngineeringViewController.h */,
				5B99E0101AB32DA100247034 /* ParagonEngineeringViewController.m */,
				5BCBB9D51B02A1A100B8E043 /* FSTCookingMethodViewController.h */,
				5BCBB9D61B02A1A100B8E043 /* FSTCookingMethodViewController.m */,
				5BCBB9D81B02A1EA00B8E043 /* FSTCookingMethodSubSelectionViewController.h */,
				5BCBB9D91B02A1EA00B8E043 /* FSTCookingMethodSubSelectionViewController.m */,
				5BCBB9DB1B02A22B00B8E043 /* FSTBeefSettingsViewController.h */,
				5BCBB9DC1B02A22B00B8E043 /* FSTBeefSettingsViewController.m */,
				5BCBB9DE1B02A24100B8E043 /* FSTReadyToPreheatViewController.h */,
				5BCBB9DF1B02A24100B8E043 /* FSTReadyToPreheatViewController.m */,
				5BCBB9E11B02A25200B8E043 /* FSTPreheatingViewController.h */,
				5BCBB9E21B02A25200B8E043 /* FSTPreheatingViewController.m */,
				5BCBB9E41B02A4DD00B8E043 /* FSTReadyToCookViewController.h */,
				5BCBB9E51B02A4DD00B8E043 /* FSTReadyToCookViewController.m */,
				5BCBB9E71B02A51700B8E043 /* FSTCookingViewController.h */,
				5BCBB9E81B02A51700B8E043 /* FSTCookingViewController.m */,
				5BCBB9EA1B02A5E600B8E043 /* FSTCustomCookSettingsViewController.h */,
				5BCBB9EB1B02A5E600B8E043 /* FSTCustomCookSettingsViewController.m */,
				5BCBB9ED1B02A64E00B8E043 /* FSTCancelPreheatViewController.h */,
				5BCBB9EE1B02A64E00B8E043 /* FSTCancelPreheatViewController.m */,
				5BCBB9F01B02A67500B8E043 /* FSTCookingStopViewController.h */,
				5BCBB9F11B02A67500B8E043 /* FSTCookingStopViewController.m */,
				5BCBB9F31B0386CE00B8E043 /* FSTCookingMethodTableViewController.h */,
				5BCBB9F41B0386CE00B8E043 /* FSTCookingMethodTableViewController.m */,
			);
			name = controllers;
			sourceTree = "<group>";
		};
		5B99E0791A1A5870005FB881 /* WifiCommissioning */ = {
			isa = PBXGroup;
			children = (
				5B99E07C1A1A5887005FB881 /* controllers */,
				5B99E07B1A1A5881005FB881 /* model */,
				5B99E07A1A1A587A005FB881 /* views */,
			);
			name = WifiCommissioning;
			sourceTree = "<group>";
		};
		5B99E07A1A1A587A005FB881 /* views */ = {
			isa = PBXGroup;
			children = (
				5B99E07D1A1A593F005FB881 /* WifiCommissioningStoryboard.storyboard */,
			);
			name = views;
			sourceTree = "<group>";
		};
		5B99E07B1A1A5881005FB881 /* model */ = {
			isa = PBXGroup;
			children = (
				5B99E0851A1AA744005FB881 /* FSTNetwork.h */,
				5B99E0861A1AA744005FB881 /* FSTNetwork.m */,
				5BC3647C1A2F637800D03B9C /* FSTDevice.h */,
				5BC3647D1A2F637800D03B9C /* FSTDevice.m */,
				5BC3647F1A2F63C200D03B9C /* FSTDeviceAuth.h */,
				5BC364801A2F63C200D03B9C /* FSTDeviceAuth.m */,
			);
			name = model;
			sourceTree = "<group>";
		};
		5B99E07C1A1A5887005FB881 /* controllers */ = {
			isa = PBXGroup;
			children = (
				5B99E07F1A1A5D10005FB881 /* WifiCommissioningViewController.h */,
				5B99E0801A1A5D10005FB881 /* WifiCommissioningViewController.m */,
				5B99E0821A1AA63F005FB881 /* WifiCommissioningNetworkListViewController.h */,
				5B99E0831A1AA63F005FB881 /* WifiCommissioningNetworkListViewController.m */,
				5BCDFBF31A65584A006E6055 /* WifiCommissioningNetworksTableViewController.h */,
				5BCDFBF41A65584A006E6055 /* WifiCommissioningNetworksTableViewController.m */,
				5B4486CB1A656E0300B12E56 /* WifiCommissioningNetworkTableViewCell.h */,
				5B4486CC1A656E0300B12E56 /* WifiCommissioningNetworkTableViewCell.m */,
				5B99E0881A1E9CFF005FB881 /* WifiCommissioningErrorViewController.h */,
				5B99E0891A1E9CFF005FB881 /* WifiCommissioningErrorViewController.m */,
				5B7FB5521A4373C900553797 /* WifiCommissioningConnectingViewController.h */,
				5B7FB5531A4373C900553797 /* WifiCommissioningConnectingViewController.m */,
				5BCDFBF01A64CFA6006E6055 /* WifiCommissioningPasswordViewController.h */,
				5BCDFBF11A64CFA6006E6055 /* WifiCommissioningPasswordViewController.m */,
				5BBC7A781A66F7F100A79080 /* WifiCommissioningFoundViewController.h */,
				5BBC7A791A66F7F100A79080 /* WifiCommissioningFoundViewController.m */,
			);
			name = controllers;
			sourceTree = "<group>";
		};
		5B9EF0E519DEEE1000E8D9F1 = {
			isa = PBXGroup;
			children = (
				5B9EF0EF19DEEE1000E8D9F1 /* Products */,
				5B9EF0F019DEEE1000E8D9F1 /* FirstBuild */,
				4B157123A66C0AD779C63B95 /* Pods */,
				CBE251472FAFD71676539304 /* Frameworks */,
			);
			sourceTree = "<group>";
		};
		5B9EF0EF19DEEE1000E8D9F1 /* Products */ = {
			isa = PBXGroup;
			children = (
				5B9EF0EE19DEEE1000E8D9F1 /* FirstBuild.app */,
			);
			name = Products;
			sourceTree = "<group>";
		};
		5B9EF0F019DEEE1000E8D9F1 /* FirstBuild */ = {
			isa = PBXGroup;
			children = (
				5BA3A96F1B3470FA00E51C51 /* BLECommissioning */,
				5B99DFBF1AB1EA2200247034 /* Paragon */,
				5B99E0791A1A5870005FB881 /* WifiCommissioning */,
				5BC5A1BC19EF5E6B009C93B1 /* Authentication */,
				67926FFA19EDDA4B00E346C2 /* Shared */,
				5B3F1C9A19E8845400303242 /* Main */,
				5B3F1C9919E8843900303242 /* ChillHub */,
				5B9EF0F119DEEE1000E8D9F1 /* Supporting Files */,
			);
			name = FirstBuild;
			path = MobiUs;
			sourceTree = "<group>";
		};
		5B9EF0F119DEEE1000E8D9F1 /* Supporting Files */ = {
			isa = PBXGroup;
			children = (
				5B9EF0FE19DEEE1000E8D9F1 /* Images.xcassets */,
				5B174DDF1A60717000A00505 /* FirstBuildAssets.xcassets */,
				5B88581A1A7308DF00F22325 /* Animations.xcassets */,
				5BC364761A2CF9EF00D03B9C /* splashvideo.m4v */,
				5BBC7A761A65BD7200A79080 /* splashvideo.mp4 */,
				5BC3647A1A2E25A800D03B9C /* splashvideo.mov */,
				67926FF119ED8BA000E346C2 /* PT_Sans-Narrow-Web-Regular.ttf */,
				5B8C10871A39324C00F481E6 /* fontawesome-webfont.ttf */,
				67926FF819EDCB6F00E346C2 /* PT_Sans-Narrow-Web-Bold.ttf */,
				5B9EF0F219DEEE1000E8D9F1 /* Info.plist */,
				5B9EF0F319DEEE1000E8D9F1 /* main.m */,
				5B9EF12319DF08E700E8D9F1 /* MobiUs.pch */,
			);
			name = "Supporting Files";
			sourceTree = "<group>";
		};
		5BA3A96F1B3470FA00E51C51 /* BLECommissioning */ = {
			isa = PBXGroup;
			children = (
				5BA3A9721B34715900E51C51 /* views */,
				5BA3A9711B34715400E51C51 /* model */,
				5BA3A9701B34714300E51C51 /* controllers */,
			);
			name = BLECommissioning;
			sourceTree = "<group>";
		};
		5BA3A9701B34714300E51C51 /* controllers */ = {
			isa = PBXGroup;
			children = (
				5BA3A9751B3475EF00E51C51 /* FSTBleCommissioningViewController.h */,
				5BA3A9761B3475EF00E51C51 /* FSTBleCommissioningViewController.m */,
				5BA3A9781B34760700E51C51 /* FSTBleCommissioningTableViewController.h */,
				5BA3A9791B34760700E51C51 /* FSTBleCommissioningTableViewController.m */,
				515340E71B3C31C60035DEBA /* FSTBleNamingViewController.h */,
				515340E81B3C31C60035DEBA /* FSTBleNamingViewController.m */,
				5BA3A97B1B38B46500E51C51 /* FSTBleConnectingViewController.h */,
				5BA3A97C1B38B46500E51C51 /* FSTBleConnectingViewController.m */,
				517EC1071B3B32AB0025ECA1 /* FSTBleFoundViewController.h */,
				517EC1081B3B32AB0025ECA1 /* FSTBleFoundViewController.m */,
				5BA3A97E1B38B47300E51C51 /* FSTBleConnectedViewController.h */,
				5BA3A97F1B38B47300E51C51 /* FSTBleConnectedViewController.m */,
				517EC10A1B3B4E8C0025ECA1 /* FSTBleErrorViewController.h */,
				517EC10B1B3B4E8C0025ECA1 /* FSTBleErrorViewController.m */,
			);
			name = controllers;
			sourceTree = "<group>";
		};
		5BA3A9711B34715400E51C51 /* model */ = {
			isa = PBXGroup;
			children = (
			);
			name = model;
			sourceTree = "<group>";
		};
		5BA3A9721B34715900E51C51 /* views */ = {
			isa = PBXGroup;
			children = (
				5BA3A9731B34722000E51C51 /* BLECommissioning.Storyboard */,
			);
			name = views;
			sourceTree = "<group>";
		};
		5BC3648E1A3249EA00D03B9C /* views */ = {
			isa = PBXGroup;
			children = (
				5BC3648B1A3112EE00D03B9C /* FSTBackgroundLayer.h */,
				5BC3648C1A3112EE00D03B9C /* FSTBackgroundLayer.m */,
				5B8858171A72F63B00F22325 /* UILabel+MultiLineAutoSize.h */,
				5B8858181A72F63B00F22325 /* UILabel+MultiLineAutoSize.m */,
				5B0583671B1562C3003782E2 /* UIDashedLineView.h */,
				5B0583681B1562C3003782E2 /* UIDashedLineView.m */,
				5B05836A1B15F4DE003782E2 /* CALayer+XibConfiguration.h */,
				5B05836B1B15F4DE003782E2 /* CALayer+XibConfiguration.m */,
			);
			name = views;
			sourceTree = "<group>";
		};
		5BC3648F1A3249FB00D03B9C /* controllers */ = {
			isa = PBXGroup;
			children = (
				6743AE1D19E30E46000D9CF3 /* MobiNavigationController.h */,
				6743AE1E19E30E46000D9CF3 /* MobiNavigationController.m */,
				5BA3A96C1B345DAF00E51C51 /* FSTBleCentralManager.h */,
				5BA3A96D1B345DAF00E51C51 /* FSTBleCentralManager.m */,
			);
			name = controllers;
			sourceTree = "<group>";
		};
		5BC364901A324A0700D03B9C /* models */ = {
			isa = PBXGroup;
			children = (
				5BC5A1CE19EF65C3009C93B1 /* Constants.h */,
				5BC5A1CF19EF6638009C93B1 /* Constants.m */,
				5BC5A1CA19EF6570009C93B1 /* FirebaseProtocol.h */,
				5BC3649B1A32661B00D03B9C /* FSTProduct.h */,
				5BC3649C1A32661B00D03B9C /* FSTProduct.m */,
				5BD467CB1A35ED54009BAC36 /* FirebaseShared.h */,
				5BD467CC1A35ED54009BAC36 /* FirebaseShared.m */,
			);
			name = models;
			sourceTree = "<group>";
		};
		5BC5A1BC19EF5E6B009C93B1 /* Authentication */ = {
			isa = PBXGroup;
			children = (
				5BC5A1C919EF6509009C93B1 /* controllers */,
				5BC5A1C819EF64F7009C93B1 /* views */,
				5BC5A1C719EF64EE009C93B1 /* model */,
			);
			name = Authentication;
			sourceTree = "<group>";
		};
		5BC5A1C719EF64EE009C93B1 /* model */ = {
			isa = PBXGroup;
			children = (
				5BC5A1CB19EF6584009C93B1 /* FBTUser.h */,
				5BC5A1CC19EF6584009C93B1 /* FBTUser.m */,
			);
			name = model;
			sourceTree = "<group>";
		};
		5BC5A1C819EF64F7009C93B1 /* views */ = {
			isa = PBXGroup;
			children = (
				5BC5A1C519EF6314009C93B1 /* Authentication.storyboard */,
			);
			name = views;
			sourceTree = "<group>";
		};
		5BC5A1C919EF6509009C93B1 /* controllers */ = {
			isa = PBXGroup;
			children = (
				5BC5A1BD19EF5E79009C93B1 /* FBTAuthenticationViewController.h */,
				5BC5A1BE19EF5E79009C93B1 /* FBTAuthenticationViewController.m */,
			);
			name = controllers;
			sourceTree = "<group>";
		};
		67926FFA19EDDA4B00E346C2 /* Shared */ = {
			isa = PBXGroup;
			children = (
				5BC364901A324A0700D03B9C /* models */,
				5BC3648F1A3249FB00D03B9C /* controllers */,
				5BC3648E1A3249EA00D03B9C /* views */,
			);
			name = Shared;
			sourceTree = "<group>";
		};
		CBE251472FAFD71676539304 /* Frameworks */ = {
			isa = PBXGroup;
			children = (
				18B446C5B84ADBDC6A8F7CC7 /* libPods.a */,
			);
			name = Frameworks;
			sourceTree = "<group>";
		};
/* End PBXGroup section */

/* Begin PBXNativeTarget section */
		5B9EF0ED19DEEE1000E8D9F1 /* firstbuild */ = {
			isa = PBXNativeTarget;
			buildConfigurationList = 5B9EF11119DEEE1100E8D9F1 /* Build configuration list for PBXNativeTarget "firstbuild" */;
			buildPhases = (
				90A2294181725FA5C4BA2631 /* Check Pods Manifest.lock */,
				5B9EF0EA19DEEE1000E8D9F1 /* Sources */,
				5B9EF0EB19DEEE1000E8D9F1 /* Frameworks */,
				5B9EF0EC19DEEE1000E8D9F1 /* Resources */,
				A9610019890567F3EE697D63 /* Copy Pods Resources */,
			);
			buildRules = (
			);
			dependencies = (
			);
			name = firstbuild;
			productName = MobiUs;
			productReference = 5B9EF0EE19DEEE1000E8D9F1 /* FirstBuild.app */;
			productType = "com.apple.product-type.application";
		};
/* End PBXNativeTarget section */

/* Begin PBXProject section */
		5B9EF0E619DEEE1000E8D9F1 /* Project object */ = {
			isa = PBXProject;
			attributes = {
				LastUpgradeCheck = 0600;
				ORGANIZATIONNAME = FirstBuild;
				TargetAttributes = {
					5B9EF0ED19DEEE1000E8D9F1 = {
						CreatedOnToolsVersion = 6.0.1;
						DevelopmentTeam = 2MMJ9338P2;
					};
				};
			};
			buildConfigurationList = 5B9EF0E919DEEE1000E8D9F1 /* Build configuration list for PBXProject "FirstBuild" */;
			compatibilityVersion = "Xcode 3.2";
			developmentRegion = English;
			hasScannedForEncodings = 0;
			knownRegions = (
				en,
				Base,
			);
			mainGroup = 5B9EF0E519DEEE1000E8D9F1;
			productRefGroup = 5B9EF0EF19DEEE1000E8D9F1 /* Products */;
			projectDirPath = "";
			projectRoot = "";
			targets = (
				5B9EF0ED19DEEE1000E8D9F1 /* firstbuild */,
			);
		};
/* End PBXProject section */

/* Begin PBXResourcesBuildPhase section */
		5B9EF0EC19DEEE1000E8D9F1 /* Resources */ = {
			isa = PBXResourcesBuildPhase;
			buildActionMask = 2147483647;
			files = (
				5BC5A1C619EF6314009C93B1 /* Authentication.storyboard in Resources */,
				5BF9482D19EC15BB00CB8BCF /* ChillHub.storyboard in Resources */,
				5BA3A9741B34722000E51C51 /* BLECommissioning.Storyboard in Resources */,
				5BF9483119EC15F900CB8BCF /* Main.storyboard in Resources */,
				5B174DE01A60717000A00505 /* FirstBuildAssets.xcassets in Resources */,
				5BCBB9D41B02991B00B8E043 /* FSTParagon.storyboard in Resources */,
				5B9EF10219DEEE1000E8D9F1 /* LaunchScreen.xib in Resources */,
				5B99DFC71AB1F2E400247034 /* ParagonEngineering.storyboard in Resources */,
				5B9EF0FF19DEEE1000E8D9F1 /* Images.xcassets in Resources */,
				5B174DE61A64266100A00505 /* fontawesome-webfont.ttf in Resources */,
				67926FF919EDCB6F00E346C2 /* PT_Sans-Narrow-Web-Bold.ttf in Resources */,
				5B88581C1A7310DB00F22325 /* PT_Sans-Narrow-Web-Regular.ttf in Resources */,
				5B88581B1A7308DF00F22325 /* Animations.xcassets in Resources */,
				5B99E07E1A1A593F005FB881 /* WifiCommissioningStoryboard.storyboard in Resources */,
			);
			runOnlyForDeploymentPostprocessing = 0;
		};
/* End PBXResourcesBuildPhase section */

/* Begin PBXShellScriptBuildPhase section */
		90A2294181725FA5C4BA2631 /* Check Pods Manifest.lock */ = {
			isa = PBXShellScriptBuildPhase;
			buildActionMask = 2147483647;
			files = (
			);
			inputPaths = (
			);
			name = "Check Pods Manifest.lock";
			outputPaths = (
			);
			runOnlyForDeploymentPostprocessing = 0;
			shellPath = /bin/sh;
			shellScript = "diff \"${PODS_ROOT}/../Podfile.lock\" \"${PODS_ROOT}/Manifest.lock\" > /dev/null\nif [[ $? != 0 ]] ; then\n    cat << EOM\nerror: The sandbox is not in sync with the Podfile.lock. Run 'pod install' or update your CocoaPods installation.\nEOM\n    exit 1\nfi\n";
			showEnvVarsInLog = 0;
		};
		A9610019890567F3EE697D63 /* Copy Pods Resources */ = {
			isa = PBXShellScriptBuildPhase;
			buildActionMask = 2147483647;
			files = (
			);
			inputPaths = (
			);
			name = "Copy Pods Resources";
			outputPaths = (
			);
			runOnlyForDeploymentPostprocessing = 0;
			shellPath = /bin/sh;
			shellScript = "\"${SRCROOT}/Pods/Target Support Files/Pods/Pods-resources.sh\"\n";
			showEnvVarsInLog = 0;
		};
/* End PBXShellScriptBuildPhase section */

/* Begin PBXSourcesBuildPhase section */
		5B9EF0EA19DEEE1000E8D9F1 /* Sources */ = {
			isa = PBXSourcesBuildPhase;
			buildActionMask = 2147483647;
			files = (
				5BC3648A1A2FAC1A00D03B9C /* FSTMilkyWeigh.m in Sources */,
				5BC3648D1A3112EE00D03B9C /* FSTBackgroundLayer.m in Sources */,
				5BA3A97D1B38B46500E51C51 /* FSTBleConnectingViewController.m in Sources */,
				5BA3A96E1B345DAF00E51C51 /* FSTBleCentralManager.m in Sources */,
				5BCBB9DA1B02A1EA00B8E043 /* FSTCookingMethodSubSelectionViewController.m in Sources */,
				5BBFACFF19E495FC00E42575 /* ProductCollectionViewController.m in Sources */,
				5B44602C1B1E2601001A4953 /* FSTParagonCookingStage.m in Sources */,
				5BA3A97A1B34760700E51C51 /* FSTBleCommissioningTableViewController.m in Sources */,
				5BCBB9FE1B0390C500B8E043 /* FSTBeefSousVideCookingMethod.m in Sources */,
				5BC3647E1A2F637800D03B9C /* FSTDevice.m in Sources */,
				5BC364971A3260E200D03B9C /* FSTChillHub.m in Sources */,
				5B3E180B1A41CC76004F1FA0 /* ProductMainViewController.m in Sources */,
				5B7338C01B0F9CEA004C931E /* Session.m in Sources */,
				5B8858191A72F63B00F22325 /* UILabel+MultiLineAutoSize.m in Sources */,
				5BE2A7301B18E19C00EFA91A /* FSTLineGridView.m in Sources */,
				5B174DDB1A5F40C500A00505 /* ProductAddWrapperViewController.m in Sources */,
				5B99E0841A1AA63F005FB881 /* WifiCommissioningNetworkListViewController.m in Sources */,
				5BBC7A7A1A66F7F100A79080 /* WifiCommissioningFoundViewController.m in Sources */,
				5BE2A72A1B17BD3F00EFA91A /* FSTGradientLensView.m in Sources */,
				5BCBB9E01B02A24100B8E043 /* FSTReadyToPreheatViewController.m in Sources */,
				5BD467CD1A35ED54009BAC36 /* FirebaseShared.m in Sources */,
				517EC10D1B3B4E8C0025ECA1 /* FSTBleErrorViewController.m in Sources */,
				5BB1E7E41AF7F4E800730031 /* FSTBeerBank.m in Sources */,
				5B7338BD1B0F9A7E004C931E /* FSTCircleProgressView.m in Sources */,
				5BC364811A2F63C200D03B9C /* FSTDeviceAuth.m in Sources */,
				5BF9482F19EC15E300CB8BCF /* MenuViewController.m in Sources */,
				5BCBBA011B03CA5200B8E043 /* FSTCookingMethods.m in Sources */,
				5BCBB9EF1B02A64E00B8E043 /* FSTCancelPreheatViewController.m in Sources */,
				5BCDFBF51A65584A006E6055 /* WifiCommissioningNetworksTableViewController.m in Sources */,
				5BCBB9F81B03905F00B8E043 /* FSTCookingMethod.m in Sources */,
				5BCDFBF21A64CFA6006E6055 /* WifiCommissioningPasswordViewController.m in Sources */,
				5B0583691B1562C3003782E2 /* UIDashedLineView.m in Sources */,
				515340E91B3C31C60035DEBA /* FSTBleNamingViewController.m in Sources */,
				5BCBB9E61B02A4DD00B8E043 /* FSTReadyToCookViewController.m in Sources */,
				5BA3A9801B38B47300E51C51 /* FSTBleConnectedViewController.m in Sources */,
				5BC5A1CD19EF6584009C93B1 /* FBTUser.m in Sources */,
				5B9925E61AE824BC00B337CB /* LedgeViewController.m in Sources */,
				5B05836C1B15F4DE003782E2 /* CALayer+XibConfiguration.m in Sources */,
				5BCBB9E91B02A51700B8E043 /* FSTCookingViewController.m in Sources */,
				5BC5A1D019EF6638009C93B1 /* Constants.m in Sources */,
				5B7FB5581A43C6DF00553797 /* ChillHubDevicesTableViewController.m in Sources */,
				5BCBB9D71B02A1A100B8E043 /* FSTCookingMethodViewController.m in Sources */,
				5B99E0871A1AA744005FB881 /* FSTNetwork.m in Sources */,
				5BC5A1C219EF5E79009C93B1 /* FBTAuthenticationViewController.m in Sources */,
				5B9925E91AE8251800B337CB /* FSTLedge.m in Sources */,
				5BCBB9EC1B02A5E600B8E043 /* FSTCustomCookSettingsViewController.m in Sources */,
				5B99E0811A1A5D10005FB881 /* WifiCommissioningViewController.m in Sources */,
				5BCBB9E31B02A25200B8E043 /* FSTPreheatingViewController.m in Sources */,
				5BBFAD0219E4965500E42575 /* ProductCollectionViewCell.m in Sources */,
				5BA3A9771B3475EF00E51C51 /* FSTBleCommissioningViewController.m in Sources */,
				5B4460261B1E00C9001A4953 /* FSTBeefView.m in Sources */,
				5BCBBA041B03E92300B8E043 /* FSTSousVideCookingMethods.m in Sources */,
				5B99E0111AB32DA100247034 /* ParagonEngineeringViewController.m in Sources */,
				5BC7C7B41A83CD06003DA2F3 /* ChillHubDeviceTableViewCell.m in Sources */,
				5BCBB9F21B02A67500B8E043 /* FSTCookingStopViewController.m in Sources */,
				5BB1E7E11AF7F4BA00730031 /* BeerBankViewController.m in Sources */,
				5BC3649D1A32661B00D03B9C /* FSTProduct.m in Sources */,
				5B7FB5541A4373C900553797 /* WifiCommissioningConnectingViewController.m in Sources */,
				5BBB0B9A19F1DE8C001D5DF1 /* ScaleViewController.m in Sources */,
				5B99E08A1A1E9CFF005FB881 /* WifiCommissioningErrorViewController.m in Sources */,
				5B9EF0F719DEEE1000E8D9F1 /* AppDelegate.m in Sources */,
				5BCBB9DD1B02A22B00B8E043 /* FSTBeefSettingsViewController.m in Sources */,
				5B9EF0F419DEEE1000E8D9F1 /* main.m in Sources */,
				5B4460291B1E25D5001A4953 /* FSTParagonCookingSession.m in Sources */,
				5B4486CD1A656E0300B12E56 /* WifiCommissioningNetworkTableViewCell.m in Sources */,
				5BA94D5B1A5C9EDE00F9AD79 /* MilkGallonClippingView.m in Sources */,
				5B8C108A1A39EC2A00F481E6 /* ProductAddViewController.m in Sources */,
				517EC1091B3B32AB0025ECA1 /* FSTBleFoundViewController.m in Sources */,
				5B174DD81A5DE1DE00A00505 /* MilkGallonStand.m in Sources */,
				5B7338BA1B0F9856004C931E /* FSTCircleProgressLayer.m in Sources */,
				6743AE1F19E30E46000D9CF3 /* MobiNavigationController.m in Sources */,
				5BC3649A1A32624F00D03B9C /* FSTChillHubDevice.m in Sources */,
				5B174DD51A5DB94700A00505 /* SCSiriWaveformView.m in Sources */,
				5B99DFC51AB1EB2D00247034 /* FSTParagon.m in Sources */,
				5BF9482B19EC15A000CB8BCF /* ChillHubViewController.m in Sources */,
				5BCBB9F51B0386CE00B8E043 /* FSTCookingMethodTableViewController.m in Sources */,
				5BE2A72D1B18AB2300EFA91A /* FSTArrowEndedLine.m in Sources */,
				5BCBB9FB1B03909000B8E043 /* FSTSousVideCookingMethod.m in Sources */,
			);
			runOnlyForDeploymentPostprocessing = 0;
		};
/* End PBXSourcesBuildPhase section */

/* Begin PBXVariantGroup section */
		5B9EF10019DEEE1000E8D9F1 /* LaunchScreen.xib */ = {
			isa = PBXVariantGroup;
			children = (
				5B9EF10119DEEE1000E8D9F1 /* Base */,
			);
			name = LaunchScreen.xib;
			sourceTree = "<group>";
		};
/* End PBXVariantGroup section */

/* Begin XCBuildConfiguration section */
		5B9EF10F19DEEE1100E8D9F1 /* Debug */ = {
			isa = XCBuildConfiguration;
			buildSettings = {
				ALWAYS_SEARCH_USER_PATHS = NO;
				ASSETCATALOG_COMPILER_LAUNCHIMAGE_NAME = LaunchImage;
				CLANG_CXX_LANGUAGE_STANDARD = "gnu++0x";
				CLANG_CXX_LIBRARY = "libc++";
				CLANG_ENABLE_MODULES = YES;
				CLANG_ENABLE_OBJC_ARC = YES;
				CLANG_WARN_BOOL_CONVERSION = YES;
				CLANG_WARN_CONSTANT_CONVERSION = YES;
				CLANG_WARN_DIRECT_OBJC_ISA_USAGE = YES_ERROR;
				CLANG_WARN_EMPTY_BODY = YES;
				CLANG_WARN_ENUM_CONVERSION = YES;
				CLANG_WARN_INT_CONVERSION = YES;
				CLANG_WARN_OBJC_ROOT_CLASS = YES_ERROR;
				CLANG_WARN_UNREACHABLE_CODE = YES;
				CLANG_WARN__DUPLICATE_METHOD_MATCH = YES;
				CODE_SIGN_IDENTITY = "iPhone Developer: myles caley (2ZHVCY7QDD)";
				"CODE_SIGN_IDENTITY[sdk=iphoneos*]" = "iPhone Developer: myles caley (2ZHVCY7QDD)";
				COPY_PHASE_STRIP = NO;
				ENABLE_STRICT_OBJC_MSGSEND = YES;
				GCC_C_LANGUAGE_STANDARD = gnu99;
				GCC_DYNAMIC_NO_PIC = NO;
				GCC_OPTIMIZATION_LEVEL = 0;
				GCC_PREPROCESSOR_DEFINITIONS = (
					"DEBUG=1",
					"$(inherited)",
				);
				GCC_SYMBOLS_PRIVATE_EXTERN = NO;
				GCC_WARN_64_TO_32_BIT_CONVERSION = YES;
				GCC_WARN_ABOUT_RETURN_TYPE = YES_ERROR;
				GCC_WARN_UNDECLARED_SELECTOR = YES;
				GCC_WARN_UNINITIALIZED_AUTOS = YES_AGGRESSIVE;
				GCC_WARN_UNUSED_FUNCTION = YES;
				GCC_WARN_UNUSED_VARIABLE = YES;
				IPHONEOS_DEPLOYMENT_TARGET = 8.0;
				MTL_ENABLE_DEBUG_INFO = YES;
				ONLY_ACTIVE_ARCH = YES;
				PROVISIONING_PROFILE = "";
				SDKROOT = iphoneos;
				TARGETED_DEVICE_FAMILY = "1,2";
			};
			name = Debug;
		};
		5B9EF11019DEEE1100E8D9F1 /* Release */ = {
			isa = XCBuildConfiguration;
			buildSettings = {
				ALWAYS_SEARCH_USER_PATHS = NO;
				ASSETCATALOG_COMPILER_LAUNCHIMAGE_NAME = LaunchImage;
				CLANG_CXX_LANGUAGE_STANDARD = "gnu++0x";
				CLANG_CXX_LIBRARY = "libc++";
				CLANG_ENABLE_MODULES = YES;
				CLANG_ENABLE_OBJC_ARC = YES;
				CLANG_WARN_BOOL_CONVERSION = YES;
				CLANG_WARN_CONSTANT_CONVERSION = YES;
				CLANG_WARN_DIRECT_OBJC_ISA_USAGE = YES_ERROR;
				CLANG_WARN_EMPTY_BODY = YES;
				CLANG_WARN_ENUM_CONVERSION = YES;
				CLANG_WARN_INT_CONVERSION = YES;
				CLANG_WARN_OBJC_ROOT_CLASS = YES_ERROR;
				CLANG_WARN_UNREACHABLE_CODE = YES;
				CLANG_WARN__DUPLICATE_METHOD_MATCH = YES;
				CODE_SIGN_IDENTITY = "iPhone Developer: myles caley (2ZHVCY7QDD)";
				"CODE_SIGN_IDENTITY[sdk=iphoneos*]" = "iPhone Developer: myles caley (2ZHVCY7QDD)";
				COPY_PHASE_STRIP = YES;
				ENABLE_NS_ASSERTIONS = NO;
				ENABLE_STRICT_OBJC_MSGSEND = YES;
				GCC_C_LANGUAGE_STANDARD = gnu99;
				GCC_WARN_64_TO_32_BIT_CONVERSION = YES;
				GCC_WARN_ABOUT_RETURN_TYPE = YES_ERROR;
				GCC_WARN_UNDECLARED_SELECTOR = YES;
				GCC_WARN_UNINITIALIZED_AUTOS = YES_AGGRESSIVE;
				GCC_WARN_UNUSED_FUNCTION = YES;
				GCC_WARN_UNUSED_VARIABLE = YES;
				IPHONEOS_DEPLOYMENT_TARGET = 8.0;
				MTL_ENABLE_DEBUG_INFO = NO;
				PROVISIONING_PROFILE = "";
				SDKROOT = iphoneos;
				TARGETED_DEVICE_FAMILY = "1,2";
				VALIDATE_PRODUCT = YES;
			};
			name = Release;
		};
		5B9EF11219DEEE1100E8D9F1 /* Debug */ = {
			isa = XCBuildConfiguration;
			baseConfigurationReference = 8E41CC8E45B35A1D2EC877B4 /* Pods.debug.xcconfig */;
			buildSettings = {
				ASSETCATALOG_COMPILER_APPICON_NAME = AppIcon;
				ASSETCATALOG_COMPILER_LAUNCHIMAGE_NAME = LaunchImage;
				CODE_SIGN_IDENTITY = "iPhone Developer";
				"CODE_SIGN_IDENTITY[sdk=iphoneos*]" = "iPhone Developer";
				FRAMEWORK_SEARCH_PATHS = (
					"$(inherited)",
					"$(PROJECT_DIR)",
					"$(PROJECT_DIR)/MobiUs",
					"$(DEVELOPER_DIR)/Platforms/iPhoneOS.platform/Developer/SDKs/iPhoneOS7.1.sdk/System/Library/Frameworks",
				);
				GCC_PREFIX_HEADER = MobiUs/MobiUs.pch;
				INFOPLIST_FILE = MobiUs/Info.plist;
				LD_RUNPATH_SEARCH_PATHS = "$(inherited) @executable_path/Frameworks";
				PRODUCT_NAME = FirstBuild;
				PROVISIONING_PROFILE = "";
				TARGETED_DEVICE_FAMILY = "1,2";
			};
			name = Debug;
		};
		5B9EF11319DEEE1100E8D9F1 /* Release */ = {
			isa = XCBuildConfiguration;
			baseConfigurationReference = 7C32915B6E0C4545E2A923B7 /* Pods.release.xcconfig */;
			buildSettings = {
				ASSETCATALOG_COMPILER_APPICON_NAME = AppIcon;
				ASSETCATALOG_COMPILER_LAUNCHIMAGE_NAME = LaunchImage;
				CODE_SIGN_IDENTITY = "iPhone Developer";
				"CODE_SIGN_IDENTITY[sdk=iphoneos*]" = "iPhone Developer";
				FRAMEWORK_SEARCH_PATHS = (
					"$(inherited)",
					"$(PROJECT_DIR)",
					"$(PROJECT_DIR)/MobiUs",
					"$(DEVELOPER_DIR)/Platforms/iPhoneOS.platform/Developer/SDKs/iPhoneOS7.1.sdk/System/Library/Frameworks",
				);
				GCC_PREFIX_HEADER = MobiUs/MobiUs.pch;
				INFOPLIST_FILE = MobiUs/Info.plist;
				LD_RUNPATH_SEARCH_PATHS = "$(inherited) @executable_path/Frameworks";
				PRODUCT_NAME = FirstBuild;
				PROVISIONING_PROFILE = "";
				TARGETED_DEVICE_FAMILY = "1,2";
			};
			name = Release;
		};
/* End XCBuildConfiguration section */

/* Begin XCConfigurationList section */
		5B9EF0E919DEEE1000E8D9F1 /* Build configuration list for PBXProject "FirstBuild" */ = {
			isa = XCConfigurationList;
			buildConfigurations = (
				5B9EF10F19DEEE1100E8D9F1 /* Debug */,
				5B9EF11019DEEE1100E8D9F1 /* Release */,
			);
			defaultConfigurationIsVisible = 0;
			defaultConfigurationName = Release;
		};
		5B9EF11119DEEE1100E8D9F1 /* Build configuration list for PBXNativeTarget "firstbuild" */ = {
			isa = XCConfigurationList;
			buildConfigurations = (
				5B9EF11219DEEE1100E8D9F1 /* Debug */,
				5B9EF11319DEEE1100E8D9F1 /* Release */,
			);
			defaultConfigurationIsVisible = 0;
			defaultConfigurationName = Release;
		};
/* End XCConfigurationList section */
	};
	rootObject = 5B9EF0E619DEEE1000E8D9F1 /* Project object */;
}
